
Microsoft Visual Studio Solution File, Format Version 9.00
# Visual Studio 2005
Project("{FAE04EC0-301F-11D3-BF4B-00C04F79EFBC}") = "Lucene.Net", "Lucene.Net\Lucene.Net.csproj", "{F04CA2F4-E182-46A8-B914-F46AF5319E83}"
EndProject
Project("{FAE04EC0-301F-11D3-BF4B-00C04F79EFBC}") = "Crawler.Net", "Crawler.Net\Crawler.Net.csproj", "{70DF1B5E-8AD3-4535-9BAC-1A68D1EAC641}"
EndProject
Project("{2150E333-8FDC-42A3-9474-1A3956D46DE8}") = "Test", "Test", "{B26F232D-AA9B-4F5E-8A36-189E265A36A2}"
	ProjectSection(SolutionItems) = preProject
		MSSQLQueryCollection.txt = MSSQLQueryCollection.txt
		MSSQLQueryTextDAO.txt = MSSQLQueryTextDAO.txt
		Recycle1.txt = Recycle1.txt
		Resycle2.txt = Resycle2.txt
		Resycle3.txt = Resycle3.txt
		SEngineHelper.txt = SEngineHelper.txt
	EndProjectSection
EndProject
Project("{8BC9CEB8-8B4A-11D0-8D11-00A0C91BC942}") = "NICTCLAS", "NICTCLAS\NICTCLAS.vcproj", "{29DB9BFA-D821-4E53-B375-64AE48096917}"
EndProject
Project("{FAE04EC0-301F-11D3-BF4B-00C04F79EFBC}") = "Model.Net", "Model.Net\Model.Net.csproj", "{15A1B109-C801-42E5-B512-2876CE27F726}"
EndProject
Project("{FAE04EC0-301F-11D3-BF4B-00C04F79EFBC}") = "AjaxCtrl.Net", "AjaxCtrl.Net\AjaxCtrl.Net.csproj", "{86E2B25D-F8BF-435E-93DE-10B3A14E1B4C}"
EndProject
Project("{2150E333-8FDC-42A3-9474-1A3956D46DE8}") = "Tool", "Tool", "{3AD232CE-7879-4CA1-82EE-DCFB73210E11}"
EndProject
Project("{FAE04EC0-301F-11D3-BF4B-00C04F79EFBC}") = "TestApplication1", "Test\TestApplication1\TestApplication1.csproj", "{573844C2-AB50-491A-A638-33E9E1879348}"
EndProject
Project("{FAE04EC0-301F-11D3-BF4B-00C04F79EFBC}") = "ToolApplication1", "Tool\ToolApplication1\ToolApplication1.csproj", "{2509D058-76ED-41EC-A1FF-3AF49AA14706}"
EndProject
Project("{2150E333-8FDC-42A3-9474-1A3956D46DE8}") = "Application", "Application", "{6F8D42AA-2E80-4EFC-B66F-21E7A9B2F99C}"
EndProject
Project("{FAE04EC0-301F-11D3-BF4B-00C04F79EFBC}") = "DataCenter.Net", "DataCenter.Net\DataCenter.Net.csproj", "{6FD7DF52-2789-4554-8D1B-B1290ABCCAD1}"
EndProject
Project("{FAE04EC0-301F-11D3-BF4B-00C04F79EFBC}") = "Maths.Net", "Maths.Net\Maths.Net.csproj", "{EC09530C-3ADE-4A6A-8999-CE74E4DF0C25}"
EndProject
Project("{FAE04EC0-301F-11D3-BF4B-00C04F79EFBC}") = "Common.Net", "Common.Net\Common.Net.csproj", "{3B9FB7E5-E46D-4700-90A1-32F71FEF9E39}"
EndProject
Project("{FAE04EC0-301F-11D3-BF4B-00C04F79EFBC}") = "DataMiner.Net", "DataMiner.Net\DataMiner.Net.csproj", "{0D77BC22-1BC7-49E3-9F8B-EDFFB5ABABA9}"
EndProject
Project("{FAE04EC0-301F-11D3-BF4B-00C04F79EFBC}") = "Feature.Net", "Feature.Net\Feature.Net.csproj", "{9205BD36-49D6-4105-BC75-E50AD868D7FA}"
EndProject
Project("{2150E333-8FDC-42A3-9474-1A3956D46DE8}") = "Demo", "Demo", "{7EFABECF-2C6E-46AA-8541-B0383A5F3FF0}"
EndProject
Project("{FAE04EC0-301F-11D3-BF4B-00C04F79EFBC}") = "SearchEngineDemo", "Demo\SearchEngineDemo\SearchEngineDemo.csproj", "{147760D6-A8A0-406D-874E-2347EE4D003F}"
EndProject
Project("{2150E333-8FDC-42A3-9474-1A3956D46DE8}") = "Document", "Document", "{60A06657-FFC9-44EC-8C0B-6F3F6C83EB4D}"
	ProjectSection(SolutionItems) = preProject
		WebSearch.Net.vsd = WebSearch.Net.vsd
	EndProjectSection
EndProject
Project("{FAE04EC0-301F-11D3-BF4B-00C04F79EFBC}") = "SearcherDemo", "Demo\SearcherDemo\SearcherDemo.csproj", "{A6EE1B43-56F5-47FE-BAA2-7F1C678E8733}"
EndProject
Project("{2150E333-8FDC-42A3-9474-1A3956D46DE8}") = "SharpNLP", "SharpNLP", "{525B9F0D-F76C-4F8E-A20E-812FF98BC65D}"
EndProject
Project("{FAE04EC0-301F-11D3-BF4B-00C04F79EFBC}") = "ModelConverter", "SharpNLP\OpenNLP\ModelConverter\ModelConverter.csproj", "{19A1DDC0-9EE7-46D1-9EA4-3F8D274FAE3F}"
EndProject
Project("{FAE04EC0-301F-11D3-BF4B-00C04F79EFBC}") = "OpenNLP", "SharpNLP\OpenNLP\OpenNLP\OpenNLP.csproj", "{B70185DF-81FD-4417-914F-7C90E65E7D9F}"
EndProject
Project("{FAE04EC0-301F-11D3-BF4B-00C04F79EFBC}") = "ParseTree", "SharpNLP\OpenNLP\ParseTree\ParseTree.csproj", "{8B7FEF34-CEC3-4212-9E8C-9D815E04BFAB}"
EndProject
Project("{FAE04EC0-301F-11D3-BF4B-00C04F79EFBC}") = "SharpWordNet", "SharpNLP\OpenNLP\SharpWordNet\SharpWordNet.csproj", "{4C78C577-D001-45EA-9893-F5570BAB16C0}"
EndProject
Project("{FAE04EC0-301F-11D3-BF4B-00C04F79EFBC}") = "ToolsExample", "SharpNLP\OpenNLP\ToolsExample\ToolsExample.csproj", "{EFDF4714-3781-4B07-8955-C4AC2A74C89E}"
EndProject
Project("{FAE04EC0-301F-11D3-BF4B-00C04F79EFBC}") = "SharpEntropy", "SharpNLP\SharpEntropy\SharpEntropy.csproj", "{BF0BF8B0-1894-4EDF-BF51-F370B063797E}"
EndProject
Project("{2150E333-8FDC-42A3-9474-1A3956D46DE8}") = "NICTCLAS", "NICTCLAS", "{6ADCE5B8-FA02-4565-B9CF-AB8479626A79}"
EndProject
Project("{2150E333-8FDC-42A3-9474-1A3956D46DE8}") = "Models", "Models", "{A1031AEA-41DE-4881-868D-23CA3B958700}"
	ProjectSection(SolutionItems) = preProject
		SharpNLP\Models\EnglishChunk.nbin = SharpNLP\Models\EnglishChunk.nbin
		SharpNLP\Models\EnglishPOS.nbin = SharpNLP\Models\EnglishPOS.nbin
		SharpNLP\Models\EnglishSD.nbin = SharpNLP\Models\EnglishSD.nbin
		SharpNLP\Models\EnglishTok.nbin = SharpNLP\Models\EnglishTok.nbin
	EndProjectSection
EndProject
Project("{2150E333-8FDC-42A3-9474-1A3956D46DE8}") = "NameFind", "NameFind", "{875160C4-8BE2-40FF-86ED-5B1FE1DEA252}"
	ProjectSection(SolutionItems) = preProject
		SharpNLP\Models\NameFind\date.nbin = SharpNLP\Models\NameFind\date.nbin
		SharpNLP\Models\NameFind\location.nbin = SharpNLP\Models\NameFind\location.nbin
		SharpNLP\Models\NameFind\money.nbin = SharpNLP\Models\NameFind\money.nbin
		SharpNLP\Models\NameFind\organization.nbin = SharpNLP\Models\NameFind\organization.nbin
		SharpNLP\Models\NameFind\percentage.nbin = SharpNLP\Models\NameFind\percentage.nbin
		SharpNLP\Models\NameFind\person.nbin = SharpNLP\Models\NameFind\person.nbin
		SharpNLP\Models\NameFind\time.nbin = SharpNLP\Models\NameFind\time.nbin
	EndProjectSection
EndProject
Project("{2150E333-8FDC-42A3-9474-1A3956D46DE8}") = "Parser", "Parser", "{5EA52850-46C2-4EDB-A95A-6B3DF19E72C8}"
	ProjectSection(SolutionItems) = preProject
		SharpNLP\Models\Parser\build.nbin = SharpNLP\Models\Parser\build.nbin
		SharpNLP\Models\Parser\check.nbin = SharpNLP\Models\Parser\check.nbin
		SharpNLP\Models\Parser\chunk.nbin = SharpNLP\Models\Parser\chunk.nbin
		SharpNLP\Models\Parser\tag.nbin = SharpNLP\Models\Parser\tag.nbin
	EndProjectSection
EndProject
Project("{2150E333-8FDC-42A3-9474-1A3956D46DE8}") = "Coref", "Coref", "{41045CD5-718E-43B4-8A91-DAD7533AB2D1}"
	ProjectSection(SolutionItems) = preProject
		SharpNLP\Models\Coref\acronyms = SharpNLP\Models\Coref\acronyms
		SharpNLP\Models\Coref\cmodel.nbin = SharpNLP\Models\Coref\cmodel.nbin
		SharpNLP\Models\Coref\cmodel_nr.nbin = SharpNLP\Models\Coref\cmodel_nr.nbin
		SharpNLP\Models\Coref\defmodel.nbin = SharpNLP\Models\Coref\defmodel.nbin
		SharpNLP\Models\Coref\defmodel_nr.nbin = SharpNLP\Models\Coref\defmodel_nr.nbin
		SharpNLP\Models\Coref\fmodel.nbin = SharpNLP\Models\Coref\fmodel.nbin
		SharpNLP\Models\Coref\fmodel_nr.nbin = SharpNLP\Models\Coref\fmodel_nr.nbin
		SharpNLP\Models\Coref\gen.fem = SharpNLP\Models\Coref\gen.fem
		SharpNLP\Models\Coref\gen.mal = SharpNLP\Models\Coref\gen.mal
		SharpNLP\Models\Coref\gen.nbin = SharpNLP\Models\Coref\gen.nbin
		SharpNLP\Models\Coref\imodel.nbin = SharpNLP\Models\Coref\imodel.nbin
		SharpNLP\Models\Coref\imodel_nr.nbin = SharpNLP\Models\Coref\imodel_nr.nbin
		SharpNLP\Models\Coref\num.nbin = SharpNLP\Models\Coref\num.nbin
		SharpNLP\Models\Coref\plmodel.nbin = SharpNLP\Models\Coref\plmodel.nbin
		SharpNLP\Models\Coref\plmodel_nr.nbin = SharpNLP\Models\Coref\plmodel_nr.nbin
		SharpNLP\Models\Coref\pmodel.nbin = SharpNLP\Models\Coref\pmodel.nbin
		SharpNLP\Models\Coref\pmodel_nr.nbin = SharpNLP\Models\Coref\pmodel_nr.nbin
		SharpNLP\Models\Coref\pnmodel.nbin = SharpNLP\Models\Coref\pnmodel.nbin
		SharpNLP\Models\Coref\pnmodel_nr.nbin = SharpNLP\Models\Coref\pnmodel_nr.nbin
		SharpNLP\Models\Coref\sim.nbin = SharpNLP\Models\Coref\sim.nbin
		SharpNLP\Models\Coref\tmodel.nbin = SharpNLP\Models\Coref\tmodel.nbin
		SharpNLP\Models\Coref\tmodel_nr.nbin = SharpNLP\Models\Coref\tmodel_nr.nbin
	EndProjectSection
EndProject
Project("{2150E333-8FDC-42A3-9474-1A3956D46DE8}") = "Test", "Test", "{20331D91-C586-43CE-A575-A89ADDB54C08}"
EndProject
Project("{2150E333-8FDC-42A3-9474-1A3956D46DE8}") = "Lithium", "Lithium", "{DF15AAB5-7F86-428E-9C10-6C3D1F3AFD20}"
EndProject
Project("{FAE04EC0-301F-11D3-BF4B-00C04F79EFBC}") = "Lithium", "Lithium\Lithium.csproj", "{A4FA73C1-2527-4EF9-ACFE-3072386100DC}"
EndProject
Project("{2150E333-8FDC-42A3-9474-1A3956D46DE8}") = "Lucene", "Lucene", "{544BBA92-0170-4F3E-9807-FF5057BC7118}"
EndProject
Project("{FAE04EC0-301F-11D3-BF4B-00C04F79EFBC}") = "IndexerDemo", "Demo\IndexerDemo\IndexerDemo.csproj", "{C2CCA920-33C7-4E51-875C-0FF6C332AA3E}"
EndProject
Project("{FAE04EC0-301F-11D3-BF4B-00C04F79EFBC}") = "FeatureDemo", "Demo\FeatureDemo\FeatureDemo.csproj", "{E7A336FA-1652-48F4-BB28-CF8C270E8BDD}"
EndProject
Project("{E24C65DC-7377-472B-9ABA-BC803B73C61A}") = "D:\...\QueryTypeIdentifier\", "Demo\QueryTypeIdentifier\", "{F9B5F9C1-E538-4C56-AEFE-703DAD24EA5B}"
	ProjectSection(WebsiteProperties) = preProject
		ProjectReferences = "{86E2B25D-F8BF-435E-93DE-10B3A14E1B4C}|AjaxCtrl.Net.dll;"
		Debug.AspNetCompiler.VirtualPath = "/QueryTypeIdentifier(1)"
		Debug.AspNetCompiler.PhysicalPath = "Demo\QueryTypeIdentifier\"
		Debug.AspNetCompiler.TargetPath = "PrecompiledWeb\QueryTypeIdentifier(1)\"
		Debug.AspNetCompiler.Updateable = "true"
		Debug.AspNetCompiler.ForceOverwrite = "true"
		Debug.AspNetCompiler.FixedNames = "false"
		Debug.AspNetCompiler.Debug = "True"
		Release.AspNetCompiler.VirtualPath = "/QueryTypeIdentifier(1)"
		Release.AspNetCompiler.PhysicalPath = "Demo\QueryTypeIdentifier\"
		Release.AspNetCompiler.TargetPath = "PrecompiledWeb\QueryTypeIdentifier(1)\"
		Release.AspNetCompiler.Updateable = "true"
		Release.AspNetCompiler.ForceOverwrite = "true"
		Release.AspNetCompiler.FixedNames = "false"
		Release.AspNetCompiler.Debug = "False"
		VWDPort = "1848"
		DefaultWebSiteLanguage = "Visual C#"
	EndProjectSection
EndProject
Project("{FAE04EC0-301F-11D3-BF4B-00C04F79EFBC}") = "Linguistics.Net", "Linguistics.Net\Linguistics.Net.csproj", "{2C9954F0-BBBC-493C-8F42-BEE2DD17155E}"
EndProject
Project("{54435603-DBB4-11D2-8724-00A0C9A8B90C}") = "Installer", "Installer\Installer.vdproj", "{5D116F5A-FA0E-4AD5-8926-F1FE256A8722}"
EndProject
Project("{FAE04EC0-301F-11D3-BF4B-00C04F79EFBC}") = "TestApplication2", "Test\TestApplication2\TestApplication2.csproj", "{5E98202B-147F-4C10-A1B7-2A4B24ACBB27}"
EndProject
Project("{FAE04EC0-301F-11D3-BF4B-00C04F79EFBC}") = "PageRanker.Net", "PageRanker.Net\PageRanker.Net.csproj", "{60C63A1B-4BF5-471C-8278-80B54291DB8D}"
EndProject
Project("{E24C65DC-7377-472B-9ABA-BC803B73C61A}") = "D:\...\SearchDemo\", "Demo\SearchDemo\", "{6FEF795B-2901-4164-AE8D-FF1965F7C2F0}"
	ProjectSection(WebsiteProperties) = preProject
		ProjectReferences = "{6FD7DF52-2789-4554-8D1B-B1290ABCCAD1}|WebSearch.DataCenter.Net.dll;{9B919E62-5432-483A-B575-855BE29470DE}|Evaluator.Net.dll;"
		Debug.AspNetCompiler.VirtualPath = "/SearchDemo"
		Debug.AspNetCompiler.PhysicalPath = "Demo\SearchDemo\"
		Debug.AspNetCompiler.TargetPath = "PrecompiledWeb\SearchDemo\"
		Debug.AspNetCompiler.Updateable = "true"
		Debug.AspNetCompiler.ForceOverwrite = "true"
		Debug.AspNetCompiler.FixedNames = "false"
		Debug.AspNetCompiler.Debug = "True"
		Release.AspNetCompiler.VirtualPath = "/SearchDemo"
		Release.AspNetCompiler.PhysicalPath = "Demo\SearchDemo\"
		Release.AspNetCompiler.TargetPath = "PrecompiledWeb\SearchDemo\"
		Release.AspNetCompiler.Updateable = "true"
		Release.AspNetCompiler.ForceOverwrite = "true"
		Release.AspNetCompiler.FixedNames = "false"
		Release.AspNetCompiler.Debug = "False"
		VWDPort = "4168"
	EndProjectSection
EndProject
Project("{FAE04EC0-301F-11D3-BF4B-00C04F79EFBC}") = "Clutch.Net-1.1", "Application\Clutch.Net\Clutch.Net-1.1.csproj", "{1D69A983-BF9E-47AA-B95E-8CF1ACD6F9D2}"
EndProject
Project("{FAE04EC0-301F-11D3-BF4B-00C04F79EFBC}") = "ClutchConsole.Net-1.1", "Application\ClutchConsole.Net\ClutchConsole.Net-1.1.csproj", "{B57BE069-90FA-4451-B9E4-72C3B76033FA}"
EndProject
Project("{E24C65DC-7377-472B-9ABA-BC803B73C61A}") = "D:\...\QuerySurvey\", "Application\QuerySurvey\", "{08D31A98-AB30-4683-B421-9B86A702F9D3}"
	ProjectSection(WebsiteProperties) = preProject
		Debug.AspNetCompiler.VirtualPath = "/QuerySurvey"
		Debug.AspNetCompiler.PhysicalPath = "Application\QuerySurvey\"
		Debug.AspNetCompiler.TargetPath = "PrecompiledWeb\QuerySurvey\"
		Debug.AspNetCompiler.Updateable = "true"
		Debug.AspNetCompiler.ForceOverwrite = "true"
		Debug.AspNetCompiler.FixedNames = "false"
		Debug.AspNetCompiler.Debug = "True"
		Release.AspNetCompiler.VirtualPath = "/QuerySurvey"
		Release.AspNetCompiler.PhysicalPath = "Application\QuerySurvey\"
		Release.AspNetCompiler.TargetPath = "PrecompiledWeb\QuerySurvey\"
		Release.AspNetCompiler.Updateable = "true"
		Release.AspNetCompiler.ForceOverwrite = "true"
		Release.AspNetCompiler.FixedNames = "false"
		Release.AspNetCompiler.Debug = "False"
		VWDPort = "4408"
	EndProjectSection
EndProject
Project("{FAE04EC0-301F-11D3-BF4B-00C04F79EFBC}") = "Configuration", "application\Configuration\Configuration.csproj", "{A473F10E-CEAA-4F7A-8373-14DC162B89B8}"
EndProject
Project("{FAE04EC0-301F-11D3-BF4B-00C04F79EFBC}") = "PageClassifier.Net", "PageClassifier.Net\PageClassifier.Net.csproj", "{8EFFC21E-7809-4A3A-8987-D3DDE803C7EA}"
EndProject
Project("{FAE04EC0-301F-11D3-BF4B-00C04F79EFBC}") = "WordMatching", "WordMatching\WordMatching.csproj", "{266E1563-657B-4698-9488-7F2250403B94}"
EndProject
Project("{2150E333-8FDC-42A3-9474-1A3956D46DE8}") = "WordMatch", "WordMatch", "{B0F6B38F-53EB-403D-9576-763007CF8A84}"
EndProject
Project("{FAE04EC0-301F-11D3-BF4B-00C04F79EFBC}") = "Evaluator.Net", "Evaluator.Net\Evaluator.Net.csproj", "{9B919E62-5432-483A-B575-855BE29470DE}"
EndProject
Global
	GlobalSection(SolutionConfigurationPlatforms) = preSolution
		Debug|.NET = Debug|.NET
		Debug|Any CPU = Debug|Any CPU
		Debug|Itanium = Debug|Itanium
		Debug|Mixed Platforms = Debug|Mixed Platforms
		Debug|Win32 = Debug|Win32
		Debug|x64 = Debug|x64
		Debug|x86 = Debug|x86
		Release|.NET = Release|.NET
		Release|Any CPU = Release|Any CPU
		Release|Itanium = Release|Itanium
		Release|Mixed Platforms = Release|Mixed Platforms
		Release|Win32 = Release|Win32
		Release|x64 = Release|x64
		Release|x86 = Release|x86
	EndGlobalSection
	GlobalSection(ProjectConfigurationPlatforms) = postSolution
		{F04CA2F4-E182-46A8-B914-F46AF5319E83}.Debug|.NET.ActiveCfg = Debug|Any CPU
		{F04CA2F4-E182-46A8-B914-F46AF5319E83}.Debug|Any CPU.ActiveCfg = Debug|Any CPU
		{F04CA2F4-E182-46A8-B914-F46AF5319E83}.Debug|Any CPU.Build.0 = Debug|Any CPU
		{F04CA2F4-E182-46A8-B914-F46AF5319E83}.Debug|Itanium.ActiveCfg = Debug|Any CPU
		{F04CA2F4-E182-46A8-B914-F46AF5319E83}.Debug|Mixed Platforms.ActiveCfg = Debug|Any CPU
		{F04CA2F4-E182-46A8-B914-F46AF5319E83}.Debug|Mixed Platforms.Build.0 = Debug|Any CPU
		{F04CA2F4-E182-46A8-B914-F46AF5319E83}.Debug|Win32.ActiveCfg = Debug|Any CPU
		{F04CA2F4-E182-46A8-B914-F46AF5319E83}.Debug|x64.ActiveCfg = Debug|Any CPU
		{F04CA2F4-E182-46A8-B914-F46AF5319E83}.Debug|x86.ActiveCfg = Debug|Any CPU
		{F04CA2F4-E182-46A8-B914-F46AF5319E83}.Release|.NET.ActiveCfg = Release|Any CPU
		{F04CA2F4-E182-46A8-B914-F46AF5319E83}.Release|Any CPU.ActiveCfg = Release|Any CPU
		{F04CA2F4-E182-46A8-B914-F46AF5319E83}.Release|Any CPU.Build.0 = Release|Any CPU
		{F04CA2F4-E182-46A8-B914-F46AF5319E83}.Release|Itanium.ActiveCfg = Release|Any CPU
		{F04CA2F4-E182-46A8-B914-F46AF5319E83}.Release|Mixed Platforms.ActiveCfg = Release|Any CPU
		{F04CA2F4-E182-46A8-B914-F46AF5319E83}.Release|Mixed Platforms.Build.0 = Release|Any CPU
		{F04CA2F4-E182-46A8-B914-F46AF5319E83}.Release|Win32.ActiveCfg = Release|Any CPU
		{F04CA2F4-E182-46A8-B914-F46AF5319E83}.Release|x64.ActiveCfg = Release|Any CPU
		{F04CA2F4-E182-46A8-B914-F46AF5319E83}.Release|x86.ActiveCfg = Release|Any CPU
		{70DF1B5E-8AD3-4535-9BAC-1A68D1EAC641}.Debug|.NET.ActiveCfg = Debug|Any CPU
		{70DF1B5E-8AD3-4535-9BAC-1A68D1EAC641}.Debug|Any CPU.ActiveCfg = Debug|Any CPU
		{70DF1B5E-8AD3-4535-9BAC-1A68D1EAC641}.Debug|Any CPU.Build.0 = Debug|Any CPU
		{70DF1B5E-8AD3-4535-9BAC-1A68D1EAC641}.Debug|Itanium.ActiveCfg = Debug|Any CPU
		{70DF1B5E-8AD3-4535-9BAC-1A68D1EAC641}.Debug|Mixed Platforms.ActiveCfg = Debug|Any CPU
		{70DF1B5E-8AD3-4535-9BAC-1A68D1EAC641}.Debug|Mixed Platforms.Build.0 = Debug|Any CPU
		{70DF1B5E-8AD3-4535-9BAC-1A68D1EAC641}.Debug|Win32.ActiveCfg = Debug|Any CPU
		{70DF1B5E-8AD3-4535-9BAC-1A68D1EAC641}.Debug|x64.ActiveCfg = Debug|Any CPU
		{70DF1B5E-8AD3-4535-9BAC-1A68D1EAC641}.Debug|x86.ActiveCfg = Debug|Any CPU
		{70DF1B5E-8AD3-4535-9BAC-1A68D1EAC641}.Release|.NET.ActiveCfg = Release|Any CPU
		{70DF1B5E-8AD3-4535-9BAC-1A68D1EAC641}.Release|Any CPU.ActiveCfg = Release|Any CPU
		{70DF1B5E-8AD3-4535-9BAC-1A68D1EAC641}.Release|Any CPU.Build.0 = Release|Any CPU
		{70DF1B5E-8AD3-4535-9BAC-1A68D1EAC641}.Release|Itanium.ActiveCfg = Release|Any CPU
		{70DF1B5E-8AD3-4535-9BAC-1A68D1EAC641}.Release|Mixed Platforms.ActiveCfg = Release|Any CPU
		{70DF1B5E-8AD3-4535-9BAC-1A68D1EAC641}.Release|Mixed Platforms.Build.0 = Release|Any CPU
		{70DF1B5E-8AD3-4535-9BAC-1A68D1EAC641}.Release|Win32.ActiveCfg = Release|Any CPU
		{70DF1B5E-8AD3-4535-9BAC-1A68D1EAC641}.Release|x64.ActiveCfg = Release|Any CPU
		{70DF1B5E-8AD3-4535-9BAC-1A68D1EAC641}.Release|x86.ActiveCfg = Release|Any CPU
		{29DB9BFA-D821-4E53-B375-64AE48096917}.Debug|.NET.ActiveCfg = Debug|Win32
		{29DB9BFA-D821-4E53-B375-64AE48096917}.Debug|Any CPU.ActiveCfg = Debug|Win32
		{29DB9BFA-D821-4E53-B375-64AE48096917}.Debug|Itanium.ActiveCfg = Debug|Win32
		{29DB9BFA-D821-4E53-B375-64AE48096917}.Debug|Mixed Platforms.ActiveCfg = Release|Win32
		{29DB9BFA-D821-4E53-B375-64AE48096917}.Debug|Mixed Platforms.Build.0 = Release|Win32
		{29DB9BFA-D821-4E53-B375-64AE48096917}.Debug|Win32.ActiveCfg = Debug|Win32
		{29DB9BFA-D821-4E53-B375-64AE48096917}.Debug|Win32.Build.0 = Debug|Win32
		{29DB9BFA-D821-4E53-B375-64AE48096917}.Debug|x64.ActiveCfg = Debug|Win32
		{29DB9BFA-D821-4E53-B375-64AE48096917}.Debug|x86.ActiveCfg = Debug|Win32
		{29DB9BFA-D821-4E53-B375-64AE48096917}.Release|.NET.ActiveCfg = Release|Win32
		{29DB9BFA-D821-4E53-B375-64AE48096917}.Release|Any CPU.ActiveCfg = Release|Win32
		{29DB9BFA-D821-4E53-B375-64AE48096917}.Release|Itanium.ActiveCfg = Release|Win32
		{29DB9BFA-D821-4E53-B375-64AE48096917}.Release|Mixed Platforms.ActiveCfg = Release|Win32
		{29DB9BFA-D821-4E53-B375-64AE48096917}.Release|Mixed Platforms.Build.0 = Release|Win32
		{29DB9BFA-D821-4E53-B375-64AE48096917}.Release|Win32.ActiveCfg = Release|Win32
		{29DB9BFA-D821-4E53-B375-64AE48096917}.Release|Win32.Build.0 = Release|Win32
		{29DB9BFA-D821-4E53-B375-64AE48096917}.Release|x64.ActiveCfg = Release|Win32
		{29DB9BFA-D821-4E53-B375-64AE48096917}.Release|x86.ActiveCfg = Release|Win32
		{15A1B109-C801-42E5-B512-2876CE27F726}.Debug|.NET.ActiveCfg = Debug|Any CPU
		{15A1B109-C801-42E5-B512-2876CE27F726}.Debug|Any CPU.ActiveCfg = Debug|Any CPU
		{15A1B109-C801-42E5-B512-2876CE27F726}.Debug|Any CPU.Build.0 = Debug|Any CPU
		{15A1B109-C801-42E5-B512-2876CE27F726}.Debug|Itanium.ActiveCfg = Debug|Any CPU
		{15A1B109-C801-42E5-B512-2876CE27F726}.Debug|Mixed Platforms.ActiveCfg = Debug|Any CPU
		{15A1B109-C801-42E5-B512-2876CE27F726}.Debug|Mixed Platforms.Build.0 = Debug|Any CPU
		{15A1B109-C801-42E5-B512-2876CE27F726}.Debug|Win32.ActiveCfg = Debug|Any CPU
		{15A1B109-C801-42E5-B512-2876CE27F726}.Debug|x64.ActiveCfg = Debug|Any CPU
		{15A1B109-C801-42E5-B512-2876CE27F726}.Debug|x86.ActiveCfg = Debug|Any CPU
		{15A1B109-C801-42E5-B512-2876CE27F726}.Release|.NET.ActiveCfg = Release|Any CPU
		{15A1B109-C801-42E5-B512-2876CE27F726}.Release|Any CPU.ActiveCfg = Release|Any CPU
		{15A1B109-C801-42E5-B512-2876CE27F726}.Release|Any CPU.Build.0 = Release|Any CPU
		{15A1B109-C801-42E5-B512-2876CE27F726}.Release|Itanium.ActiveCfg = Release|Any CPU
		{15A1B109-C801-42E5-B512-2876CE27F726}.Release|Mixed Platforms.ActiveCfg = Release|Any CPU
		{15A1B109-C801-42E5-B512-2876CE27F726}.Release|Mixed Platforms.Build.0 = Release|Any CPU
		{15A1B109-C801-42E5-B512-2876CE27F726}.Release|Win32.ActiveCfg = Release|Any CPU
		{15A1B109-C801-42E5-B512-2876CE27F726}.Release|x64.ActiveCfg = Release|Any CPU
		{15A1B109-C801-42E5-B512-2876CE27F726}.Release|x86.ActiveCfg = Release|Any CPU
		{86E2B25D-F8BF-435E-93DE-10B3A14E1B4C}.Debug|.NET.ActiveCfg = Debug|Any CPU
		{86E2B25D-F8BF-435E-93DE-10B3A14E1B4C}.Debug|Any CPU.ActiveCfg = Debug|Any CPU
		{86E2B25D-F8BF-435E-93DE-10B3A14E1B4C}.Debug|Any CPU.Build.0 = Debug|Any CPU
		{86E2B25D-F8BF-435E-93DE-10B3A14E1B4C}.Debug|Itanium.ActiveCfg = Debug|Any CPU
		{86E2B25D-F8BF-435E-93DE-10B3A14E1B4C}.Debug|Mixed Platforms.ActiveCfg = Debug|Any CPU
		{86E2B25D-F8BF-435E-93DE-10B3A14E1B4C}.Debug|Mixed Platforms.Build.0 = Debug|Any CPU
		{86E2B25D-F8BF-435E-93DE-10B3A14E1B4C}.Debug|Win32.ActiveCfg = Debug|Any CPU
		{86E2B25D-F8BF-435E-93DE-10B3A14E1B4C}.Debug|x64.ActiveCfg = Debug|Any CPU
		{86E2B25D-F8BF-435E-93DE-10B3A14E1B4C}.Debug|x86.ActiveCfg = Debug|Any CPU
		{86E2B25D-F8BF-435E-93DE-10B3A14E1B4C}.Release|.NET.ActiveCfg = Release|Any CPU
		{86E2B25D-F8BF-435E-93DE-10B3A14E1B4C}.Release|Any CPU.ActiveCfg = Release|Any CPU
		{86E2B25D-F8BF-435E-93DE-10B3A14E1B4C}.Release|Any CPU.Build.0 = Release|Any CPU
		{86E2B25D-F8BF-435E-93DE-10B3A14E1B4C}.Release|Itanium.ActiveCfg = Release|Any CPU
		{86E2B25D-F8BF-435E-93DE-10B3A14E1B4C}.Release|Mixed Platforms.ActiveCfg = Release|Any CPU
		{86E2B25D-F8BF-435E-93DE-10B3A14E1B4C}.Release|Mixed Platforms.Build.0 = Release|Any CPU
		{86E2B25D-F8BF-435E-93DE-10B3A14E1B4C}.Release|Win32.ActiveCfg = Release|Any CPU
		{86E2B25D-F8BF-435E-93DE-10B3A14E1B4C}.Release|x64.ActiveCfg = Release|Any CPU
		{86E2B25D-F8BF-435E-93DE-10B3A14E1B4C}.Release|x86.ActiveCfg = Release|Any CPU
		{573844C2-AB50-491A-A638-33E9E1879348}.Debug|.NET.ActiveCfg = Debug|Any CPU
		{573844C2-AB50-491A-A638-33E9E1879348}.Debug|Any CPU.ActiveCfg = Debug|Any CPU
		{573844C2-AB50-491A-A638-33E9E1879348}.Debug|Any CPU.Build.0 = Debug|Any CPU
		{573844C2-AB50-491A-A638-33E9E1879348}.Debug|Itanium.ActiveCfg = Debug|Any CPU
		{573844C2-AB50-491A-A638-33E9E1879348}.Debug|Mixed Platforms.ActiveCfg = Debug|Any CPU
		{573844C2-AB50-491A-A638-33E9E1879348}.Debug|Mixed Platforms.Build.0 = Debug|Any CPU
		{573844C2-AB50-491A-A638-33E9E1879348}.Debug|Win32.ActiveCfg = Debug|Any CPU
		{573844C2-AB50-491A-A638-33E9E1879348}.Debug|x64.ActiveCfg = Debug|Any CPU
		{573844C2-AB50-491A-A638-33E9E1879348}.Debug|x86.ActiveCfg = Debug|Any CPU
		{573844C2-AB50-491A-A638-33E9E1879348}.Release|.NET.ActiveCfg = Release|Any CPU
		{573844C2-AB50-491A-A638-33E9E1879348}.Release|Any CPU.ActiveCfg = Release|Any CPU
		{573844C2-AB50-491A-A638-33E9E1879348}.Release|Any CPU.Build.0 = Release|Any CPU
		{573844C2-AB50-491A-A638-33E9E1879348}.Release|Itanium.ActiveCfg = Release|Any CPU
		{573844C2-AB50-491A-A638-33E9E1879348}.Release|Mixed Platforms.ActiveCfg = Release|Any CPU
		{573844C2-AB50-491A-A638-33E9E1879348}.Release|Mixed Platforms.Build.0 = Release|Any CPU
		{573844C2-AB50-491A-A638-33E9E1879348}.Release|Win32.ActiveCfg = Release|Any CPU
		{573844C2-AB50-491A-A638-33E9E1879348}.Release|x64.ActiveCfg = Release|Any CPU
		{573844C2-AB50-491A-A638-33E9E1879348}.Release|x86.ActiveCfg = Release|Any CPU
		{2509D058-76ED-41EC-A1FF-3AF49AA14706}.Debug|.NET.ActiveCfg = Debug|Any CPU
		{2509D058-76ED-41EC-A1FF-3AF49AA14706}.Debug|Any CPU.ActiveCfg = Debug|Any CPU
		{2509D058-76ED-41EC-A1FF-3AF49AA14706}.Debug|Any CPU.Build.0 = Debug|Any CPU
		{2509D058-76ED-41EC-A1FF-3AF49AA14706}.Debug|Itanium.ActiveCfg = Debug|Any CPU
		{2509D058-76ED-41EC-A1FF-3AF49AA14706}.Debug|Mixed Platforms.ActiveCfg = Debug|Any CPU
		{2509D058-76ED-41EC-A1FF-3AF49AA14706}.Debug|Mixed Platforms.Build.0 = Debug|Any CPU
		{2509D058-76ED-41EC-A1FF-3AF49AA14706}.Debug|Win32.ActiveCfg = Debug|Any CPU
		{2509D058-76ED-41EC-A1FF-3AF49AA14706}.Debug|x64.ActiveCfg = Debug|Any CPU
		{2509D058-76ED-41EC-A1FF-3AF49AA14706}.Debug|x86.ActiveCfg = Debug|Any CPU
		{2509D058-76ED-41EC-A1FF-3AF49AA14706}.Release|.NET.ActiveCfg = Release|Any CPU
		{2509D058-76ED-41EC-A1FF-3AF49AA14706}.Release|Any CPU.ActiveCfg = Release|Any CPU
		{2509D058-76ED-41EC-A1FF-3AF49AA14706}.Release|Any CPU.Build.0 = Release|Any CPU
		{2509D058-76ED-41EC-A1FF-3AF49AA14706}.Release|Itanium.ActiveCfg = Release|Any CPU
		{2509D058-76ED-41EC-A1FF-3AF49AA14706}.Release|Mixed Platforms.ActiveCfg = Release|Any CPU
		{2509D058-76ED-41EC-A1FF-3AF49AA14706}.Release|Mixed Platforms.Build.0 = Release|Any CPU
		{2509D058-76ED-41EC-A1FF-3AF49AA14706}.Release|Win32.ActiveCfg = Release|Any CPU
		{2509D058-76ED-41EC-A1FF-3AF49AA14706}.Release|x64.ActiveCfg = Release|Any CPU
		{2509D058-76ED-41EC-A1FF-3AF49AA14706}.Release|x86.ActiveCfg = Release|Any CPU
		{6FD7DF52-2789-4554-8D1B-B1290ABCCAD1}.Debug|.NET.ActiveCfg = Debug|Any CPU
		{6FD7DF52-2789-4554-8D1B-B1290ABCCAD1}.Debug|Any CPU.ActiveCfg = Debug|Any CPU
		{6FD7DF52-2789-4554-8D1B-B1290ABCCAD1}.Debug|Any CPU.Build.0 = Debug|Any CPU
		{6FD7DF52-2789-4554-8D1B-B1290ABCCAD1}.Debug|Itanium.ActiveCfg = Debug|Any CPU
		{6FD7DF52-2789-4554-8D1B-B1290ABCCAD1}.Debug|Mixed Platforms.ActiveCfg = Debug|Any CPU
		{6FD7DF52-2789-4554-8D1B-B1290ABCCAD1}.Debug|Mixed Platforms.Build.0 = Debug|Any CPU
		{6FD7DF52-2789-4554-8D1B-B1290ABCCAD1}.Debug|Win32.ActiveCfg = Debug|Any CPU
		{6FD7DF52-2789-4554-8D1B-B1290ABCCAD1}.Debug|x64.ActiveCfg = Debug|Any CPU
		{6FD7DF52-2789-4554-8D1B-B1290ABCCAD1}.Debug|x86.ActiveCfg = Debug|Any CPU
		{6FD7DF52-2789-4554-8D1B-B1290ABCCAD1}.Release|.NET.ActiveCfg = Release|Any CPU
		{6FD7DF52-2789-4554-8D1B-B1290ABCCAD1}.Release|Any CPU.ActiveCfg = Release|Any CPU
		{6FD7DF52-2789-4554-8D1B-B1290ABCCAD1}.Release|Any CPU.Build.0 = Release|Any CPU
		{6FD7DF52-2789-4554-8D1B-B1290ABCCAD1}.Release|Itanium.ActiveCfg = Release|Any CPU
		{6FD7DF52-2789-4554-8D1B-B1290ABCCAD1}.Release|Mixed Platforms.ActiveCfg = Release|Any CPU
		{6FD7DF52-2789-4554-8D1B-B1290ABCCAD1}.Release|Mixed Platforms.Build.0 = Release|Any CPU
		{6FD7DF52-2789-4554-8D1B-B1290ABCCAD1}.Release|Win32.ActiveCfg = Release|Any CPU
		{6FD7DF52-2789-4554-8D1B-B1290ABCCAD1}.Release|x64.ActiveCfg = Release|Any CPU
		{6FD7DF52-2789-4554-8D1B-B1290ABCCAD1}.Release|x86.ActiveCfg = Release|Any CPU
		{EC09530C-3ADE-4A6A-8999-CE74E4DF0C25}.Debug|.NET.ActiveCfg = Debug|Any CPU
		{EC09530C-3ADE-4A6A-8999-CE74E4DF0C25}.Debug|Any CPU.ActiveCfg = Debug|Any CPU
		{EC09530C-3ADE-4A6A-8999-CE74E4DF0C25}.Debug|Any CPU.Build.0 = Debug|Any CPU
		{EC09530C-3ADE-4A6A-8999-CE74E4DF0C25}.Debug|Itanium.ActiveCfg = Debug|Any CPU
		{EC09530C-3ADE-4A6A-8999-CE74E4DF0C25}.Debug|Mixed Platforms.ActiveCfg = Debug|Any CPU
		{EC09530C-3ADE-4A6A-8999-CE74E4DF0C25}.Debug|Mixed Platforms.Build.0 = Debug|Any CPU
		{EC09530C-3ADE-4A6A-8999-CE74E4DF0C25}.Debug|Win32.ActiveCfg = Debug|Any CPU
		{EC09530C-3ADE-4A6A-8999-CE74E4DF0C25}.Debug|x64.ActiveCfg = Debug|Any CPU
		{EC09530C-3ADE-4A6A-8999-CE74E4DF0C25}.Debug|x86.ActiveCfg = Debug|Any CPU
		{EC09530C-3ADE-4A6A-8999-CE74E4DF0C25}.Release|.NET.ActiveCfg = Release|Any CPU
		{EC09530C-3ADE-4A6A-8999-CE74E4DF0C25}.Release|Any CPU.ActiveCfg = Release|Any CPU
		{EC09530C-3ADE-4A6A-8999-CE74E4DF0C25}.Release|Any CPU.Build.0 = Release|Any CPU
		{EC09530C-3ADE-4A6A-8999-CE74E4DF0C25}.Release|Itanium.ActiveCfg = Release|Any CPU
		{EC09530C-3ADE-4A6A-8999-CE74E4DF0C25}.Release|Mixed Platforms.ActiveCfg = Release|Any CPU
		{EC09530C-3ADE-4A6A-8999-CE74E4DF0C25}.Release|Mixed Platforms.Build.0 = Release|Any CPU
		{EC09530C-3ADE-4A6A-8999-CE74E4DF0C25}.Release|Win32.ActiveCfg = Release|Any CPU
		{EC09530C-3ADE-4A6A-8999-CE74E4DF0C25}.Release|x64.ActiveCfg = Release|Any CPU
		{EC09530C-3ADE-4A6A-8999-CE74E4DF0C25}.Release|x86.ActiveCfg = Release|Any CPU
		{3B9FB7E5-E46D-4700-90A1-32F71FEF9E39}.Debug|.NET.ActiveCfg = Debug|Any CPU
		{3B9FB7E5-E46D-4700-90A1-32F71FEF9E39}.Debug|Any CPU.ActiveCfg = Debug|Any CPU
		{3B9FB7E5-E46D-4700-90A1-32F71FEF9E39}.Debug|Any CPU.Build.0 = Debug|Any CPU
		{3B9FB7E5-E46D-4700-90A1-32F71FEF9E39}.Debug|Itanium.ActiveCfg = Debug|Any CPU
		{3B9FB7E5-E46D-4700-90A1-32F71FEF9E39}.Debug|Mixed Platforms.ActiveCfg = Debug|Any CPU
		{3B9FB7E5-E46D-4700-90A1-32F71FEF9E39}.Debug|Mixed Platforms.Build.0 = Debug|Any CPU
		{3B9FB7E5-E46D-4700-90A1-32F71FEF9E39}.Debug|Win32.ActiveCfg = Debug|Any CPU
		{3B9FB7E5-E46D-4700-90A1-32F71FEF9E39}.Debug|x64.ActiveCfg = Debug|Any CPU
		{3B9FB7E5-E46D-4700-90A1-32F71FEF9E39}.Debug|x86.ActiveCfg = Debug|Any CPU
		{3B9FB7E5-E46D-4700-90A1-32F71FEF9E39}.Release|.NET.ActiveCfg = Release|Any CPU
		{3B9FB7E5-E46D-4700-90A1-32F71FEF9E39}.Release|Any CPU.ActiveCfg = Release|Any CPU
		{3B9FB7E5-E46D-4700-90A1-32F71FEF9E39}.Release|Any CPU.Build.0 = Release|Any CPU
		{3B9FB7E5-E46D-4700-90A1-32F71FEF9E39}.Release|Itanium.ActiveCfg = Release|Any CPU
		{3B9FB7E5-E46D-4700-90A1-32F71FEF9E39}.Release|Mixed Platforms.ActiveCfg = Release|Any CPU
		{3B9FB7E5-E46D-4700-90A1-32F71FEF9E39}.Release|Mixed Platforms.Build.0 = Release|Any CPU
		{3B9FB7E5-E46D-4700-90A1-32F71FEF9E39}.Release|Win32.ActiveCfg = Release|Any CPU
		{3B9FB7E5-E46D-4700-90A1-32F71FEF9E39}.Release|x64.ActiveCfg = Release|Any CPU
		{3B9FB7E5-E46D-4700-90A1-32F71FEF9E39}.Release|x86.ActiveCfg = Release|Any CPU
		{0D77BC22-1BC7-49E3-9F8B-EDFFB5ABABA9}.Debug|.NET.ActiveCfg = Debug|Any CPU
		{0D77BC22-1BC7-49E3-9F8B-EDFFB5ABABA9}.Debug|Any CPU.ActiveCfg = Debug|Any CPU
		{0D77BC22-1BC7-49E3-9F8B-EDFFB5ABABA9}.Debug|Any CPU.Build.0 = Debug|Any CPU
		{0D77BC22-1BC7-49E3-9F8B-EDFFB5ABABA9}.Debug|Itanium.ActiveCfg = Debug|Any CPU
		{0D77BC22-1BC7-49E3-9F8B-EDFFB5ABABA9}.Debug|Mixed Platforms.ActiveCfg = Debug|Any CPU
		{0D77BC22-1BC7-49E3-9F8B-EDFFB5ABABA9}.Debug|Mixed Platforms.Build.0 = Debug|Any CPU
		{0D77BC22-1BC7-49E3-9F8B-EDFFB5ABABA9}.Debug|Win32.ActiveCfg = Debug|Any CPU
		{0D77BC22-1BC7-49E3-9F8B-EDFFB5ABABA9}.Debug|x64.ActiveCfg = Debug|Any CPU
		{0D77BC22-1BC7-49E3-9F8B-EDFFB5ABABA9}.Debug|x86.ActiveCfg = Debug|Any CPU
		{0D77BC22-1BC7-49E3-9F8B-EDFFB5ABABA9}.Release|.NET.ActiveCfg = Release|Any CPU
		{0D77BC22-1BC7-49E3-9F8B-EDFFB5ABABA9}.Release|Any CPU.ActiveCfg = Release|Any CPU
		{0D77BC22-1BC7-49E3-9F8B-EDFFB5ABABA9}.Release|Any CPU.Build.0 = Release|Any CPU
		{0D77BC22-1BC7-49E3-9F8B-EDFFB5ABABA9}.Release|Itanium.ActiveCfg = Release|Any CPU
		{0D77BC22-1BC7-49E3-9F8B-EDFFB5ABABA9}.Release|Mixed Platforms.ActiveCfg = Release|Any CPU
		{0D77BC22-1BC7-49E3-9F8B-EDFFB5ABABA9}.Release|Mixed Platforms.Build.0 = Release|Any CPU
		{0D77BC22-1BC7-49E3-9F8B-EDFFB5ABABA9}.Release|Win32.ActiveCfg = Release|Any CPU
		{0D77BC22-1BC7-49E3-9F8B-EDFFB5ABABA9}.Release|x64.ActiveCfg = Release|Any CPU
		{0D77BC22-1BC7-49E3-9F8B-EDFFB5ABABA9}.Release|x86.ActiveCfg = Release|Any CPU
		{9205BD36-49D6-4105-BC75-E50AD868D7FA}.Debug|.NET.ActiveCfg = Debug|Any CPU
		{9205BD36-49D6-4105-BC75-E50AD868D7FA}.Debug|Any CPU.ActiveCfg = Debug|Any CPU
		{9205BD36-49D6-4105-BC75-E50AD868D7FA}.Debug|Any CPU.Build.0 = Debug|Any CPU
		{9205BD36-49D6-4105-BC75-E50AD868D7FA}.Debug|Itanium.ActiveCfg = Debug|Any CPU
		{9205BD36-49D6-4105-BC75-E50AD868D7FA}.Debug|Mixed Platforms.ActiveCfg = Debug|Any CPU
		{9205BD36-49D6-4105-BC75-E50AD868D7FA}.Debug|Mixed Platforms.Build.0 = Debug|Any CPU
		{9205BD36-49D6-4105-BC75-E50AD868D7FA}.Debug|Win32.ActiveCfg = Debug|Any CPU
		{9205BD36-49D6-4105-BC75-E50AD868D7FA}.Debug|x64.ActiveCfg = Debug|Any CPU
		{9205BD36-49D6-4105-BC75-E50AD868D7FA}.Debug|x86.ActiveCfg = Debug|Any CPU
		{9205BD36-49D6-4105-BC75-E50AD868D7FA}.Release|.NET.ActiveCfg = Release|Any CPU
		{9205BD36-49D6-4105-BC75-E50AD868D7FA}.Release|Any CPU.ActiveCfg = Release|Any CPU
		{9205BD36-49D6-4105-BC75-E50AD868D7FA}.Release|Any CPU.Build.0 = Release|Any CPU
		{9205BD36-49D6-4105-BC75-E50AD868D7FA}.Release|Itanium.ActiveCfg = Release|Any CPU
		{9205BD36-49D6-4105-BC75-E50AD868D7FA}.Release|Mixed Platforms.ActiveCfg = Release|Any CPU
		{9205BD36-49D6-4105-BC75-E50AD868D7FA}.Release|Mixed Platforms.Build.0 = Release|Any CPU
		{9205BD36-49D6-4105-BC75-E50AD868D7FA}.Release|Win32.ActiveCfg = Release|Any CPU
		{9205BD36-49D6-4105-BC75-E50AD868D7FA}.Release|x64.ActiveCfg = Release|Any CPU
		{9205BD36-49D6-4105-BC75-E50AD868D7FA}.Release|x86.ActiveCfg = Release|Any CPU
		{147760D6-A8A0-406D-874E-2347EE4D003F}.Debug|.NET.ActiveCfg = Debug|Any CPU
		{147760D6-A8A0-406D-874E-2347EE4D003F}.Debug|Any CPU.ActiveCfg = Debug|Any CPU
		{147760D6-A8A0-406D-874E-2347EE4D003F}.Debug|Any CPU.Build.0 = Debug|Any CPU
		{147760D6-A8A0-406D-874E-2347EE4D003F}.Debug|Itanium.ActiveCfg = Debug|Any CPU
		{147760D6-A8A0-406D-874E-2347EE4D003F}.Debug|Mixed Platforms.ActiveCfg = Debug|Any CPU
		{147760D6-A8A0-406D-874E-2347EE4D003F}.Debug|Mixed Platforms.Build.0 = Debug|Any CPU
		{147760D6-A8A0-406D-874E-2347EE4D003F}.Debug|Win32.ActiveCfg = Debug|Any CPU
		{147760D6-A8A0-406D-874E-2347EE4D003F}.Debug|x64.ActiveCfg = Debug|Any CPU
		{147760D6-A8A0-406D-874E-2347EE4D003F}.Debug|x86.ActiveCfg = Debug|Any CPU
		{147760D6-A8A0-406D-874E-2347EE4D003F}.Release|.NET.ActiveCfg = Release|Any CPU
		{147760D6-A8A0-406D-874E-2347EE4D003F}.Release|Any CPU.ActiveCfg = Release|Any CPU
		{147760D6-A8A0-406D-874E-2347EE4D003F}.Release|Any CPU.Build.0 = Release|Any CPU
		{147760D6-A8A0-406D-874E-2347EE4D003F}.Release|Itanium.ActiveCfg = Release|Any CPU
		{147760D6-A8A0-406D-874E-2347EE4D003F}.Release|Mixed Platforms.ActiveCfg = Release|Any CPU
		{147760D6-A8A0-406D-874E-2347EE4D003F}.Release|Mixed Platforms.Build.0 = Release|Any CPU
		{147760D6-A8A0-406D-874E-2347EE4D003F}.Release|Win32.ActiveCfg = Release|Any CPU
		{147760D6-A8A0-406D-874E-2347EE4D003F}.Release|x64.ActiveCfg = Release|Any CPU
		{147760D6-A8A0-406D-874E-2347EE4D003F}.Release|x86.ActiveCfg = Release|Any CPU
		{A6EE1B43-56F5-47FE-BAA2-7F1C678E8733}.Debug|.NET.ActiveCfg = Debug|Any CPU
		{A6EE1B43-56F5-47FE-BAA2-7F1C678E8733}.Debug|Any CPU.ActiveCfg = Debug|Any CPU
		{A6EE1B43-56F5-47FE-BAA2-7F1C678E8733}.Debug|Any CPU.Build.0 = Debug|Any CPU
		{A6EE1B43-56F5-47FE-BAA2-7F1C678E8733}.Debug|Itanium.ActiveCfg = Debug|Any CPU
		{A6EE1B43-56F5-47FE-BAA2-7F1C678E8733}.Debug|Mixed Platforms.ActiveCfg = Debug|Any CPU
		{A6EE1B43-56F5-47FE-BAA2-7F1C678E8733}.Debug|Mixed Platforms.Build.0 = Debug|Any CPU
		{A6EE1B43-56F5-47FE-BAA2-7F1C678E8733}.Debug|Win32.ActiveCfg = Debug|Any CPU
		{A6EE1B43-56F5-47FE-BAA2-7F1C678E8733}.Debug|x64.ActiveCfg = Debug|Any CPU
		{A6EE1B43-56F5-47FE-BAA2-7F1C678E8733}.Debug|x86.ActiveCfg = Debug|Any CPU
		{A6EE1B43-56F5-47FE-BAA2-7F1C678E8733}.Release|.NET.ActiveCfg = Release|Any CPU
		{A6EE1B43-56F5-47FE-BAA2-7F1C678E8733}.Release|Any CPU.ActiveCfg = Release|Any CPU
		{A6EE1B43-56F5-47FE-BAA2-7F1C678E8733}.Release|Any CPU.Build.0 = Release|Any CPU
		{A6EE1B43-56F5-47FE-BAA2-7F1C678E8733}.Release|Itanium.ActiveCfg = Release|Any CPU
		{A6EE1B43-56F5-47FE-BAA2-7F1C678E8733}.Release|Mixed Platforms.ActiveCfg = Release|Any CPU
		{A6EE1B43-56F5-47FE-BAA2-7F1C678E8733}.Release|Mixed Platforms.Build.0 = Release|Any CPU
		{A6EE1B43-56F5-47FE-BAA2-7F1C678E8733}.Release|Win32.ActiveCfg = Release|Any CPU
		{A6EE1B43-56F5-47FE-BAA2-7F1C678E8733}.Release|x64.ActiveCfg = Release|Any CPU
		{A6EE1B43-56F5-47FE-BAA2-7F1C678E8733}.Release|x86.ActiveCfg = Release|Any CPU
		{19A1DDC0-9EE7-46D1-9EA4-3F8D274FAE3F}.Debug|.NET.ActiveCfg = Debug|Any CPU
		{19A1DDC0-9EE7-46D1-9EA4-3F8D274FAE3F}.Debug|Any CPU.ActiveCfg = Debug|Any CPU
		{19A1DDC0-9EE7-46D1-9EA4-3F8D274FAE3F}.Debug|Any CPU.Build.0 = Debug|Any CPU
		{19A1DDC0-9EE7-46D1-9EA4-3F8D274FAE3F}.Debug|Itanium.ActiveCfg = Debug|Any CPU
		{19A1DDC0-9EE7-46D1-9EA4-3F8D274FAE3F}.Debug|Mixed Platforms.ActiveCfg = Debug|Any CPU
		{19A1DDC0-9EE7-46D1-9EA4-3F8D274FAE3F}.Debug|Mixed Platforms.Build.0 = Debug|Any CPU
		{19A1DDC0-9EE7-46D1-9EA4-3F8D274FAE3F}.Debug|Win32.ActiveCfg = Debug|Any CPU
		{19A1DDC0-9EE7-46D1-9EA4-3F8D274FAE3F}.Debug|x64.ActiveCfg = Debug|Any CPU
		{19A1DDC0-9EE7-46D1-9EA4-3F8D274FAE3F}.Debug|x86.ActiveCfg = Debug|Any CPU
		{19A1DDC0-9EE7-46D1-9EA4-3F8D274FAE3F}.Release|.NET.ActiveCfg = Release|Any CPU
		{19A1DDC0-9EE7-46D1-9EA4-3F8D274FAE3F}.Release|Any CPU.ActiveCfg = Release|Any CPU
		{19A1DDC0-9EE7-46D1-9EA4-3F8D274FAE3F}.Release|Any CPU.Build.0 = Release|Any CPU
		{19A1DDC0-9EE7-46D1-9EA4-3F8D274FAE3F}.Release|Itanium.ActiveCfg = Release|Any CPU
		{19A1DDC0-9EE7-46D1-9EA4-3F8D274FAE3F}.Release|Mixed Platforms.ActiveCfg = Release|Any CPU
		{19A1DDC0-9EE7-46D1-9EA4-3F8D274FAE3F}.Release|Mixed Platforms.Build.0 = Release|Any CPU
		{19A1DDC0-9EE7-46D1-9EA4-3F8D274FAE3F}.Release|Win32.ActiveCfg = Release|Any CPU
		{19A1DDC0-9EE7-46D1-9EA4-3F8D274FAE3F}.Release|x64.ActiveCfg = Release|Any CPU
		{19A1DDC0-9EE7-46D1-9EA4-3F8D274FAE3F}.Release|x86.ActiveCfg = Release|Any CPU
		{B70185DF-81FD-4417-914F-7C90E65E7D9F}.Debug|.NET.ActiveCfg = Debug|Any CPU
		{B70185DF-81FD-4417-914F-7C90E65E7D9F}.Debug|Any CPU.ActiveCfg = Debug|Any CPU
		{B70185DF-81FD-4417-914F-7C90E65E7D9F}.Debug|Any CPU.Build.0 = Debug|Any CPU
		{B70185DF-81FD-4417-914F-7C90E65E7D9F}.Debug|Itanium.ActiveCfg = Debug|Any CPU
		{B70185DF-81FD-4417-914F-7C90E65E7D9F}.Debug|Mixed Platforms.ActiveCfg = Debug|Any CPU
		{B70185DF-81FD-4417-914F-7C90E65E7D9F}.Debug|Mixed Platforms.Build.0 = Debug|Any CPU
		{B70185DF-81FD-4417-914F-7C90E65E7D9F}.Debug|Win32.ActiveCfg = Debug|Any CPU
		{B70185DF-81FD-4417-914F-7C90E65E7D9F}.Debug|x64.ActiveCfg = Debug|Any CPU
		{B70185DF-81FD-4417-914F-7C90E65E7D9F}.Debug|x86.ActiveCfg = Debug|Any CPU
		{B70185DF-81FD-4417-914F-7C90E65E7D9F}.Release|.NET.ActiveCfg = Release|Any CPU
		{B70185DF-81FD-4417-914F-7C90E65E7D9F}.Release|Any CPU.ActiveCfg = Release|Any CPU
		{B70185DF-81FD-4417-914F-7C90E65E7D9F}.Release|Any CPU.Build.0 = Release|Any CPU
		{B70185DF-81FD-4417-914F-7C90E65E7D9F}.Release|Itanium.ActiveCfg = Release|Any CPU
		{B70185DF-81FD-4417-914F-7C90E65E7D9F}.Release|Mixed Platforms.ActiveCfg = Release|Any CPU
		{B70185DF-81FD-4417-914F-7C90E65E7D9F}.Release|Mixed Platforms.Build.0 = Release|Any CPU
		{B70185DF-81FD-4417-914F-7C90E65E7D9F}.Release|Win32.ActiveCfg = Release|Any CPU
		{B70185DF-81FD-4417-914F-7C90E65E7D9F}.Release|x64.ActiveCfg = Release|Any CPU
		{B70185DF-81FD-4417-914F-7C90E65E7D9F}.Release|x86.ActiveCfg = Release|Any CPU
		{8B7FEF34-CEC3-4212-9E8C-9D815E04BFAB}.Debug|.NET.ActiveCfg = Debug|Any CPU
		{8B7FEF34-CEC3-4212-9E8C-9D815E04BFAB}.Debug|Any CPU.ActiveCfg = Debug|Any CPU
		{8B7FEF34-CEC3-4212-9E8C-9D815E04BFAB}.Debug|Any CPU.Build.0 = Debug|Any CPU
		{8B7FEF34-CEC3-4212-9E8C-9D815E04BFAB}.Debug|Itanium.ActiveCfg = Debug|Any CPU
		{8B7FEF34-CEC3-4212-9E8C-9D815E04BFAB}.Debug|Mixed Platforms.ActiveCfg = Debug|Any CPU
		{8B7FEF34-CEC3-4212-9E8C-9D815E04BFAB}.Debug|Mixed Platforms.Build.0 = Debug|Any CPU
		{8B7FEF34-CEC3-4212-9E8C-9D815E04BFAB}.Debug|Win32.ActiveCfg = Debug|Any CPU
		{8B7FEF34-CEC3-4212-9E8C-9D815E04BFAB}.Debug|x64.ActiveCfg = Debug|Any CPU
		{8B7FEF34-CEC3-4212-9E8C-9D815E04BFAB}.Debug|x86.ActiveCfg = Debug|Any CPU
		{8B7FEF34-CEC3-4212-9E8C-9D815E04BFAB}.Release|.NET.ActiveCfg = Release|Any CPU
		{8B7FEF34-CEC3-4212-9E8C-9D815E04BFAB}.Release|Any CPU.ActiveCfg = Release|Any CPU
		{8B7FEF34-CEC3-4212-9E8C-9D815E04BFAB}.Release|Any CPU.Build.0 = Release|Any CPU
		{8B7FEF34-CEC3-4212-9E8C-9D815E04BFAB}.Release|Itanium.ActiveCfg = Release|Any CPU
		{8B7FEF34-CEC3-4212-9E8C-9D815E04BFAB}.Release|Mixed Platforms.ActiveCfg = Release|Any CPU
		{8B7FEF34-CEC3-4212-9E8C-9D815E04BFAB}.Release|Mixed Platforms.Build.0 = Release|Any CPU
		{8B7FEF34-CEC3-4212-9E8C-9D815E04BFAB}.Release|Win32.ActiveCfg = Release|Any CPU
		{8B7FEF34-CEC3-4212-9E8C-9D815E04BFAB}.Release|x64.ActiveCfg = Release|Any CPU
		{8B7FEF34-CEC3-4212-9E8C-9D815E04BFAB}.Release|x86.ActiveCfg = Release|Any CPU
		{4C78C577-D001-45EA-9893-F5570BAB16C0}.Debug|.NET.ActiveCfg = Debug|Any CPU
		{4C78C577-D001-45EA-9893-F5570BAB16C0}.Debug|Any CPU.ActiveCfg = Debug|Any CPU
		{4C78C577-D001-45EA-9893-F5570BAB16C0}.Debug|Any CPU.Build.0 = Debug|Any CPU
		{4C78C577-D001-45EA-9893-F5570BAB16C0}.Debug|Itanium.ActiveCfg = Debug|Any CPU
		{4C78C577-D001-45EA-9893-F5570BAB16C0}.Debug|Mixed Platforms.ActiveCfg = Debug|Any CPU
		{4C78C577-D001-45EA-9893-F5570BAB16C0}.Debug|Mixed Platforms.Build.0 = Debug|Any CPU
		{4C78C577-D001-45EA-9893-F5570BAB16C0}.Debug|Win32.ActiveCfg = Debug|Any CPU
		{4C78C577-D001-45EA-9893-F5570BAB16C0}.Debug|x64.ActiveCfg = Debug|Any CPU
		{4C78C577-D001-45EA-9893-F5570BAB16C0}.Debug|x86.ActiveCfg = Debug|Any CPU
		{4C78C577-D001-45EA-9893-F5570BAB16C0}.Release|.NET.ActiveCfg = Release|Any CPU
		{4C78C577-D001-45EA-9893-F5570BAB16C0}.Release|Any CPU.ActiveCfg = Release|Any CPU
		{4C78C577-D001-45EA-9893-F5570BAB16C0}.Release|Any CPU.Build.0 = Release|Any CPU
		{4C78C577-D001-45EA-9893-F5570BAB16C0}.Release|Itanium.ActiveCfg = Release|Any CPU
		{4C78C577-D001-45EA-9893-F5570BAB16C0}.Release|Mixed Platforms.ActiveCfg = Release|Any CPU
		{4C78C577-D001-45EA-9893-F5570BAB16C0}.Release|Mixed Platforms.Build.0 = Release|Any CPU
		{4C78C577-D001-45EA-9893-F5570BAB16C0}.Release|Win32.ActiveCfg = Release|Any CPU
		{4C78C577-D001-45EA-9893-F5570BAB16C0}.Release|x64.ActiveCfg = Release|Any CPU
		{4C78C577-D001-45EA-9893-F5570BAB16C0}.Release|x86.ActiveCfg = Release|Any CPU
		{EFDF4714-3781-4B07-8955-C4AC2A74C89E}.Debug|.NET.ActiveCfg = Debug|Any CPU
		{EFDF4714-3781-4B07-8955-C4AC2A74C89E}.Debug|Any CPU.ActiveCfg = Debug|Any CPU
		{EFDF4714-3781-4B07-8955-C4AC2A74C89E}.Debug|Any CPU.Build.0 = Debug|Any CPU
		{EFDF4714-3781-4B07-8955-C4AC2A74C89E}.Debug|Itanium.ActiveCfg = Debug|Any CPU
		{EFDF4714-3781-4B07-8955-C4AC2A74C89E}.Debug|Mixed Platforms.ActiveCfg = Debug|Any CPU
		{EFDF4714-3781-4B07-8955-C4AC2A74C89E}.Debug|Mixed Platforms.Build.0 = Debug|Any CPU
		{EFDF4714-3781-4B07-8955-C4AC2A74C89E}.Debug|Win32.ActiveCfg = Debug|Any CPU
		{EFDF4714-3781-4B07-8955-C4AC2A74C89E}.Debug|x64.ActiveCfg = Debug|Any CPU
		{EFDF4714-3781-4B07-8955-C4AC2A74C89E}.Debug|x86.ActiveCfg = Debug|Any CPU
		{EFDF4714-3781-4B07-8955-C4AC2A74C89E}.Release|.NET.ActiveCfg = Release|Any CPU
		{EFDF4714-3781-4B07-8955-C4AC2A74C89E}.Release|Any CPU.ActiveCfg = Release|Any CPU
		{EFDF4714-3781-4B07-8955-C4AC2A74C89E}.Release|Any CPU.Build.0 = Release|Any CPU
		{EFDF4714-3781-4B07-8955-C4AC2A74C89E}.Release|Itanium.ActiveCfg = Release|Any CPU
		{EFDF4714-3781-4B07-8955-C4AC2A74C89E}.Release|Mixed Platforms.ActiveCfg = Release|Any CPU
		{EFDF4714-3781-4B07-8955-C4AC2A74C89E}.Release|Mixed Platforms.Build.0 = Release|Any CPU
		{EFDF4714-3781-4B07-8955-C4AC2A74C89E}.Release|Win32.ActiveCfg = Release|Any CPU
		{EFDF4714-3781-4B07-8955-C4AC2A74C89E}.Release|x64.ActiveCfg = Release|Any CPU
		{EFDF4714-3781-4B07-8955-C4AC2A74C89E}.Release|x86.ActiveCfg = Release|Any CPU
		{BF0BF8B0-1894-4EDF-BF51-F370B063797E}.Debug|.NET.ActiveCfg = Debug|Any CPU
		{BF0BF8B0-1894-4EDF-BF51-F370B063797E}.Debug|Any CPU.ActiveCfg = Debug|Any CPU
		{BF0BF8B0-1894-4EDF-BF51-F370B063797E}.Debug|Any CPU.Build.0 = Debug|Any CPU
		{BF0BF8B0-1894-4EDF-BF51-F370B063797E}.Debug|Itanium.ActiveCfg = Debug|Any CPU
		{BF0BF8B0-1894-4EDF-BF51-F370B063797E}.Debug|Mixed Platforms.ActiveCfg = Debug|Any CPU
		{BF0BF8B0-1894-4EDF-BF51-F370B063797E}.Debug|Mixed Platforms.Build.0 = Debug|Any CPU
		{BF0BF8B0-1894-4EDF-BF51-F370B063797E}.Debug|Win32.ActiveCfg = Debug|Any CPU
		{BF0BF8B0-1894-4EDF-BF51-F370B063797E}.Debug|x64.ActiveCfg = Debug|Any CPU
		{BF0BF8B0-1894-4EDF-BF51-F370B063797E}.Debug|x86.ActiveCfg = Debug|Any CPU
		{BF0BF8B0-1894-4EDF-BF51-F370B063797E}.Release|.NET.ActiveCfg = Release|Any CPU
		{BF0BF8B0-1894-4EDF-BF51-F370B063797E}.Release|Any CPU.ActiveCfg = Release|Any CPU
		{BF0BF8B0-1894-4EDF-BF51-F370B063797E}.Release|Any CPU.Build.0 = Release|Any CPU
		{BF0BF8B0-1894-4EDF-BF51-F370B063797E}.Release|Itanium.ActiveCfg = Release|Any CPU
		{BF0BF8B0-1894-4EDF-BF51-F370B063797E}.Release|Mixed Platforms.ActiveCfg = Release|Any CPU
		{BF0BF8B0-1894-4EDF-BF51-F370B063797E}.Release|Mixed Platforms.Build.0 = Release|Any CPU
		{BF0BF8B0-1894-4EDF-BF51-F370B063797E}.Release|Win32.ActiveCfg = Release|Any CPU
		{BF0BF8B0-1894-4EDF-BF51-F370B063797E}.Release|x64.ActiveCfg = Release|Any CPU
		{BF0BF8B0-1894-4EDF-BF51-F370B063797E}.Release|x86.ActiveCfg = Release|Any CPU
		{A4FA73C1-2527-4EF9-ACFE-3072386100DC}.Debug|.NET.ActiveCfg = Debug|Any CPU
		{A4FA73C1-2527-4EF9-ACFE-3072386100DC}.Debug|Any CPU.ActiveCfg = Debug|Any CPU
		{A4FA73C1-2527-4EF9-ACFE-3072386100DC}.Debug|Any CPU.Build.0 = Debug|Any CPU
		{A4FA73C1-2527-4EF9-ACFE-3072386100DC}.Debug|Itanium.ActiveCfg = Debug|Any CPU
		{A4FA73C1-2527-4EF9-ACFE-3072386100DC}.Debug|Mixed Platforms.ActiveCfg = Debug|Any CPU
		{A4FA73C1-2527-4EF9-ACFE-3072386100DC}.Debug|Mixed Platforms.Build.0 = Debug|Any CPU
		{A4FA73C1-2527-4EF9-ACFE-3072386100DC}.Debug|Win32.ActiveCfg = Debug|Any CPU
		{A4FA73C1-2527-4EF9-ACFE-3072386100DC}.Debug|x64.ActiveCfg = Debug|Any CPU
		{A4FA73C1-2527-4EF9-ACFE-3072386100DC}.Debug|x86.ActiveCfg = Debug|Any CPU
		{A4FA73C1-2527-4EF9-ACFE-3072386100DC}.Release|.NET.ActiveCfg = Release|Any CPU
		{A4FA73C1-2527-4EF9-ACFE-3072386100DC}.Release|Any CPU.ActiveCfg = Release|Any CPU
		{A4FA73C1-2527-4EF9-ACFE-3072386100DC}.Release|Any CPU.Build.0 = Release|Any CPU
		{A4FA73C1-2527-4EF9-ACFE-3072386100DC}.Release|Itanium.ActiveCfg = Release|Any CPU
		{A4FA73C1-2527-4EF9-ACFE-3072386100DC}.Release|Mixed Platforms.ActiveCfg = Release|Any CPU
		{A4FA73C1-2527-4EF9-ACFE-3072386100DC}.Release|Mixed Platforms.Build.0 = Release|Any CPU
		{A4FA73C1-2527-4EF9-ACFE-3072386100DC}.Release|Win32.ActiveCfg = Release|Any CPU
		{A4FA73C1-2527-4EF9-ACFE-3072386100DC}.Release|x64.ActiveCfg = Release|Any CPU
		{A4FA73C1-2527-4EF9-ACFE-3072386100DC}.Release|x86.ActiveCfg = Release|Any CPU
		{C2CCA920-33C7-4E51-875C-0FF6C332AA3E}.Debug|.NET.ActiveCfg = Debug|Any CPU
		{C2CCA920-33C7-4E51-875C-0FF6C332AA3E}.Debug|Any CPU.ActiveCfg = Debug|Any CPU
		{C2CCA920-33C7-4E51-875C-0FF6C332AA3E}.Debug|Any CPU.Build.0 = Debug|Any CPU
		{C2CCA920-33C7-4E51-875C-0FF6C332AA3E}.Debug|Itanium.ActiveCfg = Debug|Any CPU
		{C2CCA920-33C7-4E51-875C-0FF6C332AA3E}.Debug|Mixed Platforms.ActiveCfg = Debug|Any CPU
		{C2CCA920-33C7-4E51-875C-0FF6C332AA3E}.Debug|Mixed Platforms.Build.0 = Debug|Any CPU
		{C2CCA920-33C7-4E51-875C-0FF6C332AA3E}.Debug|Win32.ActiveCfg = Debug|Any CPU
		{C2CCA920-33C7-4E51-875C-0FF6C332AA3E}.Debug|x64.ActiveCfg = Debug|Any CPU
		{C2CCA920-33C7-4E51-875C-0FF6C332AA3E}.Debug|x86.ActiveCfg = Debug|Any CPU
		{C2CCA920-33C7-4E51-875C-0FF6C332AA3E}.Release|.NET.ActiveCfg = Release|Any CPU
		{C2CCA920-33C7-4E51-875C-0FF6C332AA3E}.Release|Any CPU.ActiveCfg = Release|Any CPU
		{C2CCA920-33C7-4E51-875C-0FF6C332AA3E}.Release|Any CPU.Build.0 = Release|Any CPU
		{C2CCA920-33C7-4E51-875C-0FF6C332AA3E}.Release|Itanium.ActiveCfg = Release|Any CPU
		{C2CCA920-33C7-4E51-875C-0FF6C332AA3E}.Release|Mixed Platforms.ActiveCfg = Release|Any CPU
		{C2CCA920-33C7-4E51-875C-0FF6C332AA3E}.Release|Mixed Platforms.Build.0 = Release|Any CPU
		{C2CCA920-33C7-4E51-875C-0FF6C332AA3E}.Release|Win32.ActiveCfg = Release|Any CPU
		{C2CCA920-33C7-4E51-875C-0FF6C332AA3E}.Release|x64.ActiveCfg = Release|Any CPU
		{C2CCA920-33C7-4E51-875C-0FF6C332AA3E}.Release|x86.ActiveCfg = Release|Any CPU
		{E7A336FA-1652-48F4-BB28-CF8C270E8BDD}.Debug|.NET.ActiveCfg = Debug|Any CPU
		{E7A336FA-1652-48F4-BB28-CF8C270E8BDD}.Debug|Any CPU.ActiveCfg = Debug|Any CPU
		{E7A336FA-1652-48F4-BB28-CF8C270E8BDD}.Debug|Any CPU.Build.0 = Debug|Any CPU
		{E7A336FA-1652-48F4-BB28-CF8C270E8BDD}.Debug|Itanium.ActiveCfg = Debug|Any CPU
		{E7A336FA-1652-48F4-BB28-CF8C270E8BDD}.Debug|Mixed Platforms.ActiveCfg = Debug|Any CPU
		{E7A336FA-1652-48F4-BB28-CF8C270E8BDD}.Debug|Mixed Platforms.Build.0 = Debug|Any CPU
		{E7A336FA-1652-48F4-BB28-CF8C270E8BDD}.Debug|Win32.ActiveCfg = Debug|Any CPU
		{E7A336FA-1652-48F4-BB28-CF8C270E8BDD}.Debug|x64.ActiveCfg = Debug|Any CPU
		{E7A336FA-1652-48F4-BB28-CF8C270E8BDD}.Debug|x86.ActiveCfg = Debug|Any CPU
		{E7A336FA-1652-48F4-BB28-CF8C270E8BDD}.Release|.NET.ActiveCfg = Release|Any CPU
		{E7A336FA-1652-48F4-BB28-CF8C270E8BDD}.Release|Any CPU.ActiveCfg = Release|Any CPU
		{E7A336FA-1652-48F4-BB28-CF8C270E8BDD}.Release|Any CPU.Build.0 = Release|Any CPU
		{E7A336FA-1652-48F4-BB28-CF8C270E8BDD}.Release|Itanium.ActiveCfg = Release|Any CPU
		{E7A336FA-1652-48F4-BB28-CF8C270E8BDD}.Release|Mixed Platforms.ActiveCfg = Release|Any CPU
		{E7A336FA-1652-48F4-BB28-CF8C270E8BDD}.Release|Mixed Platforms.Build.0 = Release|Any CPU
		{E7A336FA-1652-48F4-BB28-CF8C270E8BDD}.Release|Win32.ActiveCfg = Release|Any CPU
		{E7A336FA-1652-48F4-BB28-CF8C270E8BDD}.Release|x64.ActiveCfg = Release|Any CPU
		{E7A336FA-1652-48F4-BB28-CF8C270E8BDD}.Release|x86.ActiveCfg = Release|Any CPU
		{F9B5F9C1-E538-4C56-AEFE-703DAD24EA5B}.Debug|.NET.ActiveCfg = Debug|.NET
		{F9B5F9C1-E538-4C56-AEFE-703DAD24EA5B}.Debug|.NET.Build.0 = Debug|.NET
		{F9B5F9C1-E538-4C56-AEFE-703DAD24EA5B}.Debug|Any CPU.ActiveCfg = Debug|.NET
		{F9B5F9C1-E538-4C56-AEFE-703DAD24EA5B}.Debug|Itanium.ActiveCfg = Debug|.NET
		{F9B5F9C1-E538-4C56-AEFE-703DAD24EA5B}.Debug|Mixed Platforms.ActiveCfg = Debug|.NET
		{F9B5F9C1-E538-4C56-AEFE-703DAD24EA5B}.Debug|Mixed Platforms.Build.0 = Debug|.NET
		{F9B5F9C1-E538-4C56-AEFE-703DAD24EA5B}.Debug|Win32.ActiveCfg = Debug|.NET
		{F9B5F9C1-E538-4C56-AEFE-703DAD24EA5B}.Debug|x64.ActiveCfg = Debug|.NET
		{F9B5F9C1-E538-4C56-AEFE-703DAD24EA5B}.Debug|x86.ActiveCfg = Debug|.NET
		{F9B5F9C1-E538-4C56-AEFE-703DAD24EA5B}.Release|.NET.ActiveCfg = Debug|.NET
		{F9B5F9C1-E538-4C56-AEFE-703DAD24EA5B}.Release|.NET.Build.0 = Debug|.NET
		{F9B5F9C1-E538-4C56-AEFE-703DAD24EA5B}.Release|Any CPU.ActiveCfg = Debug|.NET
		{F9B5F9C1-E538-4C56-AEFE-703DAD24EA5B}.Release|Itanium.ActiveCfg = Debug|.NET
		{F9B5F9C1-E538-4C56-AEFE-703DAD24EA5B}.Release|Mixed Platforms.ActiveCfg = Debug|.NET
		{F9B5F9C1-E538-4C56-AEFE-703DAD24EA5B}.Release|Mixed Platforms.Build.0 = Debug|.NET
		{F9B5F9C1-E538-4C56-AEFE-703DAD24EA5B}.Release|Win32.ActiveCfg = Debug|.NET
		{F9B5F9C1-E538-4C56-AEFE-703DAD24EA5B}.Release|x64.ActiveCfg = Debug|.NET
		{F9B5F9C1-E538-4C56-AEFE-703DAD24EA5B}.Release|x86.ActiveCfg = Debug|.NET
		{2C9954F0-BBBC-493C-8F42-BEE2DD17155E}.Debug|.NET.ActiveCfg = Debug|Any CPU
		{2C9954F0-BBBC-493C-8F42-BEE2DD17155E}.Debug|Any CPU.ActiveCfg = Debug|Any CPU
		{2C9954F0-BBBC-493C-8F42-BEE2DD17155E}.Debug|Any CPU.Build.0 = Debug|Any CPU
		{2C9954F0-BBBC-493C-8F42-BEE2DD17155E}.Debug|Itanium.ActiveCfg = Debug|Any CPU
		{2C9954F0-BBBC-493C-8F42-BEE2DD17155E}.Debug|Mixed Platforms.ActiveCfg = Debug|Any CPU
		{2C9954F0-BBBC-493C-8F42-BEE2DD17155E}.Debug|Mixed Platforms.Build.0 = Debug|Any CPU
		{2C9954F0-BBBC-493C-8F42-BEE2DD17155E}.Debug|Win32.ActiveCfg = Debug|Any CPU
		{2C9954F0-BBBC-493C-8F42-BEE2DD17155E}.Debug|x64.ActiveCfg = Debug|Any CPU
		{2C9954F0-BBBC-493C-8F42-BEE2DD17155E}.Debug|x86.ActiveCfg = Debug|Any CPU
		{2C9954F0-BBBC-493C-8F42-BEE2DD17155E}.Release|.NET.ActiveCfg = Release|Any CPU
		{2C9954F0-BBBC-493C-8F42-BEE2DD17155E}.Release|Any CPU.ActiveCfg = Release|Any CPU
		{2C9954F0-BBBC-493C-8F42-BEE2DD17155E}.Release|Any CPU.Build.0 = Release|Any CPU
		{2C9954F0-BBBC-493C-8F42-BEE2DD17155E}.Release|Itanium.ActiveCfg = Release|Any CPU
		{2C9954F0-BBBC-493C-8F42-BEE2DD17155E}.Release|Mixed Platforms.ActiveCfg = Release|Any CPU
		{2C9954F0-BBBC-493C-8F42-BEE2DD17155E}.Release|Mixed Platforms.Build.0 = Release|Any CPU
		{2C9954F0-BBBC-493C-8F42-BEE2DD17155E}.Release|Win32.ActiveCfg = Release|Any CPU
		{2C9954F0-BBBC-493C-8F42-BEE2DD17155E}.Release|x64.ActiveCfg = Release|Any CPU
		{2C9954F0-BBBC-493C-8F42-BEE2DD17155E}.Release|x86.ActiveCfg = Release|Any CPU
		{5D116F5A-FA0E-4AD5-8926-F1FE256A8722}.Debug|.NET.ActiveCfg = Debug
		{5D116F5A-FA0E-4AD5-8926-F1FE256A8722}.Debug|Any CPU.ActiveCfg = Debug
		{5D116F5A-FA0E-4AD5-8926-F1FE256A8722}.Debug|Itanium.ActiveCfg = Debug
		{5D116F5A-FA0E-4AD5-8926-F1FE256A8722}.Debug|Mixed Platforms.ActiveCfg = Debug
		{5D116F5A-FA0E-4AD5-8926-F1FE256A8722}.Debug|Win32.ActiveCfg = Debug
		{5D116F5A-FA0E-4AD5-8926-F1FE256A8722}.Debug|x64.ActiveCfg = Debug
		{5D116F5A-FA0E-4AD5-8926-F1FE256A8722}.Debug|x86.ActiveCfg = Debug
		{5D116F5A-FA0E-4AD5-8926-F1FE256A8722}.Release|.NET.ActiveCfg = Release
		{5D116F5A-FA0E-4AD5-8926-F1FE256A8722}.Release|Any CPU.ActiveCfg = Release
		{5D116F5A-FA0E-4AD5-8926-F1FE256A8722}.Release|Itanium.ActiveCfg = Release
		{5D116F5A-FA0E-4AD5-8926-F1FE256A8722}.Release|Mixed Platforms.ActiveCfg = Release
		{5D116F5A-FA0E-4AD5-8926-F1FE256A8722}.Release|Win32.ActiveCfg = Release
		{5D116F5A-FA0E-4AD5-8926-F1FE256A8722}.Release|x64.ActiveCfg = Release
		{5D116F5A-FA0E-4AD5-8926-F1FE256A8722}.Release|x86.ActiveCfg = Release
		{5E98202B-147F-4C10-A1B7-2A4B24ACBB27}.Debug|.NET.ActiveCfg = Debug|Any CPU
		{5E98202B-147F-4C10-A1B7-2A4B24ACBB27}.Debug|Any CPU.ActiveCfg = Debug|Any CPU
		{5E98202B-147F-4C10-A1B7-2A4B24ACBB27}.Debug|Any CPU.Build.0 = Debug|Any CPU
		{5E98202B-147F-4C10-A1B7-2A4B24ACBB27}.Debug|Itanium.ActiveCfg = Debug|Any CPU
		{5E98202B-147F-4C10-A1B7-2A4B24ACBB27}.Debug|Mixed Platforms.ActiveCfg = Debug|Any CPU
		{5E98202B-147F-4C10-A1B7-2A4B24ACBB27}.Debug|Mixed Platforms.Build.0 = Debug|Any CPU
		{5E98202B-147F-4C10-A1B7-2A4B24ACBB27}.Debug|Win32.ActiveCfg = Debug|Any CPU
		{5E98202B-147F-4C10-A1B7-2A4B24ACBB27}.Debug|x64.ActiveCfg = Debug|Any CPU
		{5E98202B-147F-4C10-A1B7-2A4B24ACBB27}.Debug|x86.ActiveCfg = Debug|Any CPU
		{5E98202B-147F-4C10-A1B7-2A4B24ACBB27}.Release|.NET.ActiveCfg = Release|Any CPU
		{5E98202B-147F-4C10-A1B7-2A4B24ACBB27}.Release|Any CPU.ActiveCfg = Release|Any CPU
		{5E98202B-147F-4C10-A1B7-2A4B24ACBB27}.Release|Any CPU.Build.0 = Release|Any CPU
		{5E98202B-147F-4C10-A1B7-2A4B24ACBB27}.Release|Itanium.ActiveCfg = Release|Any CPU
		{5E98202B-147F-4C10-A1B7-2A4B24ACBB27}.Release|Mixed Platforms.ActiveCfg = Release|Any CPU
		{5E98202B-147F-4C10-A1B7-2A4B24ACBB27}.Release|Mixed Platforms.Build.0 = Release|Any CPU
		{5E98202B-147F-4C10-A1B7-2A4B24ACBB27}.Release|Win32.ActiveCfg = Release|Any CPU
		{5E98202B-147F-4C10-A1B7-2A4B24ACBB27}.Release|x64.ActiveCfg = Release|Any CPU
		{5E98202B-147F-4C10-A1B7-2A4B24ACBB27}.Release|x86.ActiveCfg = Release|Any CPU
		{60C63A1B-4BF5-471C-8278-80B54291DB8D}.Debug|.NET.ActiveCfg = Debug|Any CPU
		{60C63A1B-4BF5-471C-8278-80B54291DB8D}.Debug|Any CPU.ActiveCfg = Debug|Any CPU
		{60C63A1B-4BF5-471C-8278-80B54291DB8D}.Debug|Any CPU.Build.0 = Debug|Any CPU
		{60C63A1B-4BF5-471C-8278-80B54291DB8D}.Debug|Itanium.ActiveCfg = Debug|Any CPU
		{60C63A1B-4BF5-471C-8278-80B54291DB8D}.Debug|Mixed Platforms.ActiveCfg = Debug|Any CPU
		{60C63A1B-4BF5-471C-8278-80B54291DB8D}.Debug|Mixed Platforms.Build.0 = Debug|Any CPU
		{60C63A1B-4BF5-471C-8278-80B54291DB8D}.Debug|Win32.ActiveCfg = Debug|Any CPU
		{60C63A1B-4BF5-471C-8278-80B54291DB8D}.Debug|x64.ActiveCfg = Debug|Any CPU
		{60C63A1B-4BF5-471C-8278-80B54291DB8D}.Debug|x86.ActiveCfg = Debug|Any CPU
		{60C63A1B-4BF5-471C-8278-80B54291DB8D}.Release|.NET.ActiveCfg = Release|Any CPU
		{60C63A1B-4BF5-471C-8278-80B54291DB8D}.Release|Any CPU.ActiveCfg = Release|Any CPU
		{60C63A1B-4BF5-471C-8278-80B54291DB8D}.Release|Any CPU.Build.0 = Release|Any CPU
		{60C63A1B-4BF5-471C-8278-80B54291DB8D}.Release|Itanium.ActiveCfg = Release|Any CPU
		{60C63A1B-4BF5-471C-8278-80B54291DB8D}.Release|Mixed Platforms.ActiveCfg = Release|Any CPU
		{60C63A1B-4BF5-471C-8278-80B54291DB8D}.Release|Mixed Platforms.Build.0 = Release|Any CPU
		{60C63A1B-4BF5-471C-8278-80B54291DB8D}.Release|Win32.ActiveCfg = Release|Any CPU
		{60C63A1B-4BF5-471C-8278-80B54291DB8D}.Release|x64.ActiveCfg = Release|Any CPU
		{60C63A1B-4BF5-471C-8278-80B54291DB8D}.Release|x86.ActiveCfg = Release|Any CPU
		{6FEF795B-2901-4164-AE8D-FF1965F7C2F0}.Debug|.NET.ActiveCfg = Debug|.NET
		{6FEF795B-2901-4164-AE8D-FF1965F7C2F0}.Debug|.NET.Build.0 = Debug|.NET
		{6FEF795B-2901-4164-AE8D-FF1965F7C2F0}.Debug|Any CPU.ActiveCfg = Debug|.NET
		{6FEF795B-2901-4164-AE8D-FF1965F7C2F0}.Debug|Itanium.ActiveCfg = Debug|.NET
		{6FEF795B-2901-4164-AE8D-FF1965F7C2F0}.Debug|Mixed Platforms.ActiveCfg = Debug|.NET
		{6FEF795B-2901-4164-AE8D-FF1965F7C2F0}.Debug|Mixed Platforms.Build.0 = Debug|.NET
		{6FEF795B-2901-4164-AE8D-FF1965F7C2F0}.Debug|Win32.ActiveCfg = Debug|.NET
		{6FEF795B-2901-4164-AE8D-FF1965F7C2F0}.Debug|x64.ActiveCfg = Debug|.NET
		{6FEF795B-2901-4164-AE8D-FF1965F7C2F0}.Debug|x86.ActiveCfg = Debug|.NET
		{6FEF795B-2901-4164-AE8D-FF1965F7C2F0}.Release|.NET.ActiveCfg = Debug|.NET
		{6FEF795B-2901-4164-AE8D-FF1965F7C2F0}.Release|.NET.Build.0 = Debug|.NET
		{6FEF795B-2901-4164-AE8D-FF1965F7C2F0}.Release|Any CPU.ActiveCfg = Debug|.NET
		{6FEF795B-2901-4164-AE8D-FF1965F7C2F0}.Release|Itanium.ActiveCfg = Debug|.NET
		{6FEF795B-2901-4164-AE8D-FF1965F7C2F0}.Release|Mixed Platforms.ActiveCfg = Debug|.NET
		{6FEF795B-2901-4164-AE8D-FF1965F7C2F0}.Release|Mixed Platforms.Build.0 = Debug|.NET
		{6FEF795B-2901-4164-AE8D-FF1965F7C2F0}.Release|Win32.ActiveCfg = Debug|.NET
		{6FEF795B-2901-4164-AE8D-FF1965F7C2F0}.Release|x64.ActiveCfg = Debug|.NET
		{6FEF795B-2901-4164-AE8D-FF1965F7C2F0}.Release|x86.ActiveCfg = Debug|.NET
		{1D69A983-BF9E-47AA-B95E-8CF1ACD6F9D2}.Debug|.NET.ActiveCfg = Debug|Any CPU
		{1D69A983-BF9E-47AA-B95E-8CF1ACD6F9D2}.Debug|Any CPU.ActiveCfg = Debug|Any CPU
		{1D69A983-BF9E-47AA-B95E-8CF1ACD6F9D2}.Debug|Any CPU.Build.0 = Debug|Any CPU
		{1D69A983-BF9E-47AA-B95E-8CF1ACD6F9D2}.Debug|Itanium.ActiveCfg = Debug|Any CPU
		{1D69A983-BF9E-47AA-B95E-8CF1ACD6F9D2}.Debug|Mixed Platforms.ActiveCfg = Debug|Any CPU
		{1D69A983-BF9E-47AA-B95E-8CF1ACD6F9D2}.Debug|Mixed Platforms.Build.0 = Debug|Any CPU
		{1D69A983-BF9E-47AA-B95E-8CF1ACD6F9D2}.Debug|Win32.ActiveCfg = Debug|Any CPU
		{1D69A983-BF9E-47AA-B95E-8CF1ACD6F9D2}.Debug|x64.ActiveCfg = Debug|Any CPU
		{1D69A983-BF9E-47AA-B95E-8CF1ACD6F9D2}.Debug|x86.ActiveCfg = Debug|Any CPU
		{1D69A983-BF9E-47AA-B95E-8CF1ACD6F9D2}.Release|.NET.ActiveCfg = Release|Any CPU
		{1D69A983-BF9E-47AA-B95E-8CF1ACD6F9D2}.Release|Any CPU.ActiveCfg = Release|Any CPU
		{1D69A983-BF9E-47AA-B95E-8CF1ACD6F9D2}.Release|Any CPU.Build.0 = Release|Any CPU
		{1D69A983-BF9E-47AA-B95E-8CF1ACD6F9D2}.Release|Itanium.ActiveCfg = Release|Any CPU
		{1D69A983-BF9E-47AA-B95E-8CF1ACD6F9D2}.Release|Mixed Platforms.ActiveCfg = Release|Any CPU
		{1D69A983-BF9E-47AA-B95E-8CF1ACD6F9D2}.Release|Mixed Platforms.Build.0 = Release|Any CPU
		{1D69A983-BF9E-47AA-B95E-8CF1ACD6F9D2}.Release|Win32.ActiveCfg = Release|Any CPU
		{1D69A983-BF9E-47AA-B95E-8CF1ACD6F9D2}.Release|x64.ActiveCfg = Release|Any CPU
		{1D69A983-BF9E-47AA-B95E-8CF1ACD6F9D2}.Release|x86.ActiveCfg = Release|Any CPU
		{B57BE069-90FA-4451-B9E4-72C3B76033FA}.Debug|.NET.ActiveCfg = Debug|Any CPU
		{B57BE069-90FA-4451-B9E4-72C3B76033FA}.Debug|Any CPU.ActiveCfg = Debug|Any CPU
		{B57BE069-90FA-4451-B9E4-72C3B76033FA}.Debug|Any CPU.Build.0 = Debug|Any CPU
		{B57BE069-90FA-4451-B9E4-72C3B76033FA}.Debug|Itanium.ActiveCfg = Debug|Any CPU
		{B57BE069-90FA-4451-B9E4-72C3B76033FA}.Debug|Mixed Platforms.ActiveCfg = Debug|Any CPU
		{B57BE069-90FA-4451-B9E4-72C3B76033FA}.Debug|Mixed Platforms.Build.0 = Debug|Any CPU
		{B57BE069-90FA-4451-B9E4-72C3B76033FA}.Debug|Win32.ActiveCfg = Debug|Any CPU
		{B57BE069-90FA-4451-B9E4-72C3B76033FA}.Debug|x64.ActiveCfg = Debug|Any CPU
		{B57BE069-90FA-4451-B9E4-72C3B76033FA}.Debug|x86.ActiveCfg = Debug|Any CPU
		{B57BE069-90FA-4451-B9E4-72C3B76033FA}.Release|.NET.ActiveCfg = Release|Any CPU
		{B57BE069-90FA-4451-B9E4-72C3B76033FA}.Release|Any CPU.ActiveCfg = Release|Any CPU
		{B57BE069-90FA-4451-B9E4-72C3B76033FA}.Release|Any CPU.Build.0 = Release|Any CPU
		{B57BE069-90FA-4451-B9E4-72C3B76033FA}.Release|Itanium.ActiveCfg = Release|Any CPU
		{B57BE069-90FA-4451-B9E4-72C3B76033FA}.Release|Mixed Platforms.ActiveCfg = Release|Any CPU
		{B57BE069-90FA-4451-B9E4-72C3B76033FA}.Release|Mixed Platforms.Build.0 = Release|Any CPU
		{B57BE069-90FA-4451-B9E4-72C3B76033FA}.Release|Win32.ActiveCfg = Release|Any CPU
		{B57BE069-90FA-4451-B9E4-72C3B76033FA}.Release|x64.ActiveCfg = Release|Any CPU
		{B57BE069-90FA-4451-B9E4-72C3B76033FA}.Release|x86.ActiveCfg = Release|Any CPU
		{08D31A98-AB30-4683-B421-9B86A702F9D3}.Debug|.NET.ActiveCfg = Debug|.NET
		{08D31A98-AB30-4683-B421-9B86A702F9D3}.Debug|.NET.Build.0 = Debug|.NET
		{08D31A98-AB30-4683-B421-9B86A702F9D3}.Debug|Any CPU.ActiveCfg = Debug|.NET
		{08D31A98-AB30-4683-B421-9B86A702F9D3}.Debug|Itanium.ActiveCfg = Debug|.NET
		{08D31A98-AB30-4683-B421-9B86A702F9D3}.Debug|Mixed Platforms.ActiveCfg = Debug|.NET
		{08D31A98-AB30-4683-B421-9B86A702F9D3}.Debug|Mixed Platforms.Build.0 = Debug|.NET
		{08D31A98-AB30-4683-B421-9B86A702F9D3}.Debug|Win32.ActiveCfg = Debug|.NET
		{08D31A98-AB30-4683-B421-9B86A702F9D3}.Debug|x64.ActiveCfg = Debug|.NET
		{08D31A98-AB30-4683-B421-9B86A702F9D3}.Debug|x86.ActiveCfg = Debug|.NET
		{08D31A98-AB30-4683-B421-9B86A702F9D3}.Release|.NET.ActiveCfg = Debug|.NET
		{08D31A98-AB30-4683-B421-9B86A702F9D3}.Release|.NET.Build.0 = Debug|.NET
		{08D31A98-AB30-4683-B421-9B86A702F9D3}.Release|Any CPU.ActiveCfg = Debug|.NET
		{08D31A98-AB30-4683-B421-9B86A702F9D3}.Release|Itanium.ActiveCfg = Debug|.NET
		{08D31A98-AB30-4683-B421-9B86A702F9D3}.Release|Mixed Platforms.ActiveCfg = Debug|.NET
		{08D31A98-AB30-4683-B421-9B86A702F9D3}.Release|Mixed Platforms.Build.0 = Debug|.NET
		{08D31A98-AB30-4683-B421-9B86A702F9D3}.Release|Win32.ActiveCfg = Debug|.NET
		{08D31A98-AB30-4683-B421-9B86A702F9D3}.Release|x64.ActiveCfg = Debug|.NET
		{08D31A98-AB30-4683-B421-9B86A702F9D3}.Release|x86.ActiveCfg = Debug|.NET
		{A473F10E-CEAA-4F7A-8373-14DC162B89B8}.Debug|.NET.ActiveCfg = Debug|Any CPU
		{A473F10E-CEAA-4F7A-8373-14DC162B89B8}.Debug|Any CPU.ActiveCfg = Debug|Any CPU
		{A473F10E-CEAA-4F7A-8373-14DC162B89B8}.Debug|Any CPU.Build.0 = Debug|Any CPU
		{A473F10E-CEAA-4F7A-8373-14DC162B89B8}.Debug|Itanium.ActiveCfg = Debug|Any CPU
		{A473F10E-CEAA-4F7A-8373-14DC162B89B8}.Debug|Mixed Platforms.ActiveCfg = Debug|Any CPU
		{A473F10E-CEAA-4F7A-8373-14DC162B89B8}.Debug|Mixed Platforms.Build.0 = Debug|Any CPU
		{A473F10E-CEAA-4F7A-8373-14DC162B89B8}.Debug|Win32.ActiveCfg = Debug|Any CPU
		{A473F10E-CEAA-4F7A-8373-14DC162B89B8}.Debug|x64.ActiveCfg = Debug|Any CPU
		{A473F10E-CEAA-4F7A-8373-14DC162B89B8}.Debug|x86.ActiveCfg = Debug|Any CPU
		{A473F10E-CEAA-4F7A-8373-14DC162B89B8}.Release|.NET.ActiveCfg = Release|Any CPU
		{A473F10E-CEAA-4F7A-8373-14DC162B89B8}.Release|Any CPU.ActiveCfg = Release|Any CPU
		{A473F10E-CEAA-4F7A-8373-14DC162B89B8}.Release|Any CPU.Build.0 = Release|Any CPU
		{A473F10E-CEAA-4F7A-8373-14DC162B89B8}.Release|Itanium.ActiveCfg = Release|Any CPU
		{A473F10E-CEAA-4F7A-8373-14DC162B89B8}.Release|Mixed Platforms.ActiveCfg = Release|Any CPU
		{A473F10E-CEAA-4F7A-8373-14DC162B89B8}.Release|Mixed Platforms.Build.0 = Release|Any CPU
		{A473F10E-CEAA-4F7A-8373-14DC162B89B8}.Release|Win32.ActiveCfg = Release|Any CPU
		{A473F10E-CEAA-4F7A-8373-14DC162B89B8}.Release|x64.ActiveCfg = Release|Any CPU
		{A473F10E-CEAA-4F7A-8373-14DC162B89B8}.Release|x86.ActiveCfg = Release|Any CPU
		{8EFFC21E-7809-4A3A-8987-D3DDE803C7EA}.Debug|.NET.ActiveCfg = Debug|Any CPU
		{8EFFC21E-7809-4A3A-8987-D3DDE803C7EA}.Debug|Any CPU.ActiveCfg = Debug|Any CPU
		{8EFFC21E-7809-4A3A-8987-D3DDE803C7EA}.Debug|Any CPU.Build.0 = Debug|Any CPU
		{8EFFC21E-7809-4A3A-8987-D3DDE803C7EA}.Debug|Itanium.ActiveCfg = Debug|Any CPU
		{8EFFC21E-7809-4A3A-8987-D3DDE803C7EA}.Debug|Mixed Platforms.ActiveCfg = Debug|Any CPU
		{8EFFC21E-7809-4A3A-8987-D3DDE803C7EA}.Debug|Mixed Platforms.Build.0 = Debug|Any CPU
		{8EFFC21E-7809-4A3A-8987-D3DDE803C7EA}.Debug|Win32.ActiveCfg = Debug|Any CPU
		{8EFFC21E-7809-4A3A-8987-D3DDE803C7EA}.Debug|x64.ActiveCfg = Debug|Any CPU
		{8EFFC21E-7809-4A3A-8987-D3DDE803C7EA}.Debug|x86.ActiveCfg = Debug|Any CPU
		{8EFFC21E-7809-4A3A-8987-D3DDE803C7EA}.Release|.NET.ActiveCfg = Release|Any CPU
		{8EFFC21E-7809-4A3A-8987-D3DDE803C7EA}.Release|Any CPU.ActiveCfg = Release|Any CPU
		{8EFFC21E-7809-4A3A-8987-D3DDE803C7EA}.Release|Any CPU.Build.0 = Release|Any CPU
		{8EFFC21E-7809-4A3A-8987-D3DDE803C7EA}.Release|Itanium.ActiveCfg = Release|Any CPU
		{8EFFC21E-7809-4A3A-8987-D3DDE803C7EA}.Release|Mixed Platforms.ActiveCfg = Release|Any CPU
		{8EFFC21E-7809-4A3A-8987-D3DDE803C7EA}.Release|Mixed Platforms.Build.0 = Release|Any CPU
		{8EFFC21E-7809-4A3A-8987-D3DDE803C7EA}.Release|Win32.ActiveCfg = Release|Any CPU
		{8EFFC21E-7809-4A3A-8987-D3DDE803C7EA}.Release|x64.ActiveCfg = Release|Any CPU
		{8EFFC21E-7809-4A3A-8987-D3DDE803C7EA}.Release|x86.ActiveCfg = Release|Any CPU
		{266E1563-657B-4698-9488-7F2250403B94}.Debug|.NET.ActiveCfg = Debug|Any CPU
		{266E1563-657B-4698-9488-7F2250403B94}.Debug|Any CPU.ActiveCfg = Debug|Any CPU
		{266E1563-657B-4698-9488-7F2250403B94}.Debug|Any CPU.Build.0 = Debug|Any CPU
		{266E1563-657B-4698-9488-7F2250403B94}.Debug|Itanium.ActiveCfg = Debug|Any CPU
		{266E1563-657B-4698-9488-7F2250403B94}.Debug|Mixed Platforms.ActiveCfg = Debug|Any CPU
		{266E1563-657B-4698-9488-7F2250403B94}.Debug|Mixed Platforms.Build.0 = Debug|Any CPU
		{266E1563-657B-4698-9488-7F2250403B94}.Debug|Win32.ActiveCfg = Debug|Any CPU
		{266E1563-657B-4698-9488-7F2250403B94}.Debug|x64.ActiveCfg = Debug|Any CPU
		{266E1563-657B-4698-9488-7F2250403B94}.Debug|x86.ActiveCfg = Debug|Any CPU
		{266E1563-657B-4698-9488-7F2250403B94}.Release|.NET.ActiveCfg = Release|Any CPU
		{266E1563-657B-4698-9488-7F2250403B94}.Release|Any CPU.ActiveCfg = Release|Any CPU
		{266E1563-657B-4698-9488-7F2250403B94}.Release|Any CPU.Build.0 = Release|Any CPU
		{266E1563-657B-4698-9488-7F2250403B94}.Release|Itanium.ActiveCfg = Release|Any CPU
		{266E1563-657B-4698-9488-7F2250403B94}.Release|Mixed Platforms.ActiveCfg = Release|Any CPU
		{266E1563-657B-4698-9488-7F2250403B94}.Release|Mixed Platforms.Build.0 = Release|Any CPU
		{266E1563-657B-4698-9488-7F2250403B94}.Release|Win32.ActiveCfg = Release|Any CPU
		{266E1563-657B-4698-9488-7F2250403B94}.Release|x64.ActiveCfg = Release|Any CPU
		{266E1563-657B-4698-9488-7F2250403B94}.Release|x86.ActiveCfg = Release|Any CPU
		{9B919E62-5432-483A-B575-855BE29470DE}.Debug|.NET.ActiveCfg = Debug|Any CPU
		{9B919E62-5432-483A-B575-855BE29470DE}.Debug|Any CPU.ActiveCfg = Debug|Any CPU
		{9B919E62-5432-483A-B575-855BE29470DE}.Debug|Any CPU.Build.0 = Debug|Any CPU
		{9B919E62-5432-483A-B575-855BE29470DE}.Debug|Itanium.ActiveCfg = Debug|Any CPU
		{9B919E62-5432-483A-B575-855BE29470DE}.Debug|Mixed Platforms.ActiveCfg = Debug|Any CPU
		{9B919E62-5432-483A-B575-855BE29470DE}.Debug|Mixed Platforms.Build.0 = Debug|Any CPU
		{9B919E62-5432-483A-B575-855BE29470DE}.Debug|Win32.ActiveCfg = Debug|Any CPU
		{9B919E62-5432-483A-B575-855BE29470DE}.Debug|x64.ActiveCfg = Debug|Any CPU
		{9B919E62-5432-483A-B575-855BE29470DE}.Debug|x86.ActiveCfg = Debug|Any CPU
		{9B919E62-5432-483A-B575-855BE29470DE}.Release|.NET.ActiveCfg = Release|Any CPU
		{9B919E62-5432-483A-B575-855BE29470DE}.Release|Any CPU.ActiveCfg = Release|Any CPU
		{9B919E62-5432-483A-B575-855BE29470DE}.Release|Any CPU.Build.0 = Release|Any CPU
		{9B919E62-5432-483A-B575-855BE29470DE}.Release|Itanium.ActiveCfg = Release|Any CPU
		{9B919E62-5432-483A-B575-855BE29470DE}.Release|Mixed Platforms.ActiveCfg = Release|Any CPU
		{9B919E62-5432-483A-B575-855BE29470DE}.Release|Mixed Platforms.Build.0 = Release|Any CPU
		{9B919E62-5432-483A-B575-855BE29470DE}.Release|Win32.ActiveCfg = Release|Any CPU
		{9B919E62-5432-483A-B575-855BE29470DE}.Release|x64.ActiveCfg = Release|Any CPU
		{9B919E62-5432-483A-B575-855BE29470DE}.Release|x86.ActiveCfg = Release|Any CPU
	EndGlobalSection
	GlobalSection(SolutionProperties) = preSolution
		HideSolutionNode = FALSE
	EndGlobalSection
	GlobalSection(NestedProjects) = preSolution
		{F04CA2F4-E182-46A8-B914-F46AF5319E83} = {544BBA92-0170-4F3E-9807-FF5057BC7118}
		{573844C2-AB50-491A-A638-33E9E1879348} = {B26F232D-AA9B-4F5E-8A36-189E265A36A2}
		{5E98202B-147F-4C10-A1B7-2A4B24ACBB27} = {B26F232D-AA9B-4F5E-8A36-189E265A36A2}
		{29DB9BFA-D821-4E53-B375-64AE48096917} = {6ADCE5B8-FA02-4565-B9CF-AB8479626A79}
		{2509D058-76ED-41EC-A1FF-3AF49AA14706} = {3AD232CE-7879-4CA1-82EE-DCFB73210E11}
		{1D69A983-BF9E-47AA-B95E-8CF1ACD6F9D2} = {6F8D42AA-2E80-4EFC-B66F-21E7A9B2F99C}
		{B57BE069-90FA-4451-B9E4-72C3B76033FA} = {6F8D42AA-2E80-4EFC-B66F-21E7A9B2F99C}
		{08D31A98-AB30-4683-B421-9B86A702F9D3} = {6F8D42AA-2E80-4EFC-B66F-21E7A9B2F99C}
		{A473F10E-CEAA-4F7A-8373-14DC162B89B8} = {6F8D42AA-2E80-4EFC-B66F-21E7A9B2F99C}
		{147760D6-A8A0-406D-874E-2347EE4D003F} = {7EFABECF-2C6E-46AA-8541-B0383A5F3FF0}
		{A6EE1B43-56F5-47FE-BAA2-7F1C678E8733} = {7EFABECF-2C6E-46AA-8541-B0383A5F3FF0}
		{C2CCA920-33C7-4E51-875C-0FF6C332AA3E} = {7EFABECF-2C6E-46AA-8541-B0383A5F3FF0}
		{E7A336FA-1652-48F4-BB28-CF8C270E8BDD} = {7EFABECF-2C6E-46AA-8541-B0383A5F3FF0}
		{F9B5F9C1-E538-4C56-AEFE-703DAD24EA5B} = {7EFABECF-2C6E-46AA-8541-B0383A5F3FF0}
		{6FEF795B-2901-4164-AE8D-FF1965F7C2F0} = {7EFABECF-2C6E-46AA-8541-B0383A5F3FF0}
		{19A1DDC0-9EE7-46D1-9EA4-3F8D274FAE3F} = {525B9F0D-F76C-4F8E-A20E-812FF98BC65D}
		{B70185DF-81FD-4417-914F-7C90E65E7D9F} = {525B9F0D-F76C-4F8E-A20E-812FF98BC65D}
		{20331D91-C586-43CE-A575-A89ADDB54C08} = {525B9F0D-F76C-4F8E-A20E-812FF98BC65D}
		{4C78C577-D001-45EA-9893-F5570BAB16C0} = {525B9F0D-F76C-4F8E-A20E-812FF98BC65D}
		{BF0BF8B0-1894-4EDF-BF51-F370B063797E} = {525B9F0D-F76C-4F8E-A20E-812FF98BC65D}
		{A1031AEA-41DE-4881-868D-23CA3B958700} = {525B9F0D-F76C-4F8E-A20E-812FF98BC65D}
		{EFDF4714-3781-4B07-8955-C4AC2A74C89E} = {20331D91-C586-43CE-A575-A89ADDB54C08}
		{8B7FEF34-CEC3-4212-9E8C-9D815E04BFAB} = {20331D91-C586-43CE-A575-A89ADDB54C08}
		{875160C4-8BE2-40FF-86ED-5B1FE1DEA252} = {A1031AEA-41DE-4881-868D-23CA3B958700}
		{5EA52850-46C2-4EDB-A95A-6B3DF19E72C8} = {A1031AEA-41DE-4881-868D-23CA3B958700}
		{41045CD5-718E-43B4-8A91-DAD7533AB2D1} = {A1031AEA-41DE-4881-868D-23CA3B958700}
		{A4FA73C1-2527-4EF9-ACFE-3072386100DC} = {DF15AAB5-7F86-428E-9C10-6C3D1F3AFD20}
		{266E1563-657B-4698-9488-7F2250403B94} = {B0F6B38F-53EB-403D-9576-763007CF8A84}
	EndGlobalSection
EndGlobal
